PODS:
  - Alamofire (3.4.1)
  - Crashlytics (3.7.2):
    - Fabric (~> 1.6.3)
  - Fabric (1.6.7)
  - KVOController (1.1.0)
  - Realm (1.0.1):
    - Realm/Headers (= 1.0.1)
  - Realm/Headers (1.0.1)
  - RealmSwift (1.0.1):
    - Realm (= 1.0.1)
  - Sparkle (1.14.0)
  - SwiftyJSON (2.3.2)
  - WWDCAppKit (1.0.0)
  - WWDCPlayer (1.0.0)

DEPENDENCIES:
  - Alamofire
  - Crashlytics
  - Fabric
  - KVOController
  - RealmSwift
  - Sparkle
  - SwiftyJSON
  - WWDCAppKit (from `LocalPods/WWDCAppKit`)
  - WWDCPlayer (from `LocalPods/WWDCPlayer`)

EXTERNAL SOURCES:
  WWDCAppKit:
    :path: LocalPods/WWDCAppKit
  WWDCPlayer:
    :path: LocalPods/WWDCPlayer

SPEC CHECKSUMS:
  Alamofire: 01a82e2f6c0f860ade35534c8dd88be61bdef40c
  Crashlytics: 130ab943f8c78cda7a814b434f270b2e2c8a3cba
  Fabric: caf7580c725e64db144f610ac65cd60956911dc7
  KVOController: 321b5fc59300fcaabd42c0f679baa7a27efbb2fd
  Realm: 2e15e39d35b08abb529e212ed5d8af107b5236c8
  RealmSwift: d73ea2af08c3676dbdd5e4b669651a0f492162a4
  Sparkle: ccd95233b12a3e3d4eeb55ff01dd4c8bb8188b07
  SwiftyJSON: 04ccea08915aa0109039157c7974cf0298da292a
  WWDCAppKit: afb67188d6b66f3012ea9242a61b5f7536319f2d
  WWDCPlayer: 939164a849d354ce4f035de68e6765c038115a96

COCOAPODS: 0.39.0
