PODS:
  - Alamofire (4.2.0)
  - Crashlytics (3.8.3):
    - Fabric (~> 1.6.3)
  - Fabric (1.6.11)
  - KVOController (1.2.0)
  - Realm (2.1.2):
    - Realm/Headers (= 2.1.2)
  - Realm/Headers (2.1.2)
  - RealmSwift (2.1.2):
    - Realm (= 2.1.2)
  - Sparkle (1.15.1)
  - SwiftyJSON (3.1.3)
  - WWDCAppKit (1.0.0)
  - WWDCPlayer (1.0.0)

DEPENDENCIES:
  - Alamofire
  - Crashlytics
  - Fabric
  - KVOController
  - RealmSwift
  - Sparkle
  - SwiftyJSON
  - WWDCAppKit (from `LocalPods/WWDCAppKit`)
  - WWDCPlayer (from `LocalPods/WWDCPlayer`)

EXTERNAL SOURCES:
  WWDCAppKit:
    :path: LocalPods/WWDCAppKit
  WWDCPlayer:
    :path: LocalPods/WWDCPlayer

SPEC CHECKSUMS:
  Alamofire: aa2e09d871c9160ac53c90e83c68064a94e3dfbe
  Crashlytics: 2b6dbe138a42395577cfa73dfa1aa7248cadf39e
  Fabric: 5911403591946b8228ab1c51d98f1d7137e863c6
  KVOController: d72ace34afea42468329623b3379ab3cd1d286b6
  Realm: efe855f4d977c8ce5a82d3116d9f1ff155a6550c
  RealmSwift: 17d6ee30b6f9df86364408c2197492e33bfea567
  Sparkle: 618fd2d2867fa06a5572a8c4a4c6a721f04da2d2
  SwiftyJSON: 38a8ea2006779c0fc4c310cb2ee8195327740faf
  WWDCAppKit: afb67188d6b66f3012ea9242a61b5f7536319f2d
  WWDCPlayer: 939164a849d354ce4f035de68e6765c038115a96

PODFILE CHECKSUM: 3674f13c846349e42971616a655e2cfbedd1ae20

COCOAPODS: 1.2.0.beta.1
