{
  "object": {
    "pins": [
      {
        "package": "Alamofire",
        "repositoryURL": "https://github.com/Alamofire/Alamofire",
        "state": {
          "branch": null,
          "revision": "bc268c28fb170f494de9e9927c371b8342979ece",
          "version": "5.7.1"
        }
      },
      {
        "package": "CloudKitCodable",
        "repositoryURL": "https://github.com/insidegui/CloudKitCodable",
        "state": {
          "branch": "spm",
          "revision": "0aed3041c4d03c07280fb6f47fabd943a337a43a",
          "version": null
        }
      },
      {
        "package": "RealmDatabase",
        "repositoryURL": "https://github.com/realm/realm-core.git",
        "state": {
          "branch": null,
          "revision": "72226e2fd84f3a3a8ab3cffc2890c7951f1351d5",
          "version": "13.10.1"
        }
      },
      {
        "package": "Realm",
        "repositoryURL": "https://github.com/realm/realm-swift.git",
        "state": {
          "branch": null,
          "revision": "08ee98e7f52a5fb11b10b7430e6f84adbb7433a4",
          "version": "10.39.1"
        }
      },
      {
        "package": "RxRealm",
        "repositoryURL": "https://github.com/RxSwiftCommunity/RxRealm",
        "state": {
          "branch": null,
          "revision": "a7de576348d48286d8b100a501f757a1c531f1dd",
          "version": "5.0.5"
        }
      },
      {
        "package": "RxSwift",
        "repositoryURL": "https://github.com/ReactiveX/RxSwift",
        "state": {
          "branch": null,
          "revision": "9dcaa4b333db437b0fbfaf453fad29069044a8b4",
          "version": "6.6.0"
        }
      },
      {
        "package": "Siesta",
        "repositoryURL": "https://github.com/bustoutsolutions/siesta",
        "state": {
          "branch": null,
          "revision": "43f34046ebb5beb6802200353c473af303bbc31e",
          "version": "1.5.2"
        }
      }
    ]
  },
  "version": 1
}
