// !$*UTF8*$!
{
	archiveVersion = 1;
	classes = {
	};
	objectVersion = 46;
	objects = {

/* Begin PBXBuildFile section */
		1C967BAA1AE7EB27003662B2 /* NSString+QualifierSearchParser.m in Sources */ = {isa = PBXBuildFile; fileRef = 1C967BA91AE7EB27003662B2 /* NSString+QualifierSearchParser.m */; };
		7CBE657E1B161B5C0059A52D /* AVPlayerPlaybackStateObserver.swift in Sources */ = {isa = PBXBuildFile; fileRef = 7CBE657D1B161B5C0059A52D /* AVPlayerPlaybackStateObserver.swift */; };
		C913E99A1AED1D2900EBC693 /* DownloadListWindowController.xib in Resources */ = {isa = PBXBuildFile; fileRef = C913E9991AED1D2900EBC693 /* DownloadListWindowController.xib */; };
		C913E99C1AED21FB00EBC693 /* DownloadListWindowController.swift in Sources */ = {isa = PBXBuildFile; fileRef = C913E99B1AED21FB00EBC693 /* DownloadListWindowController.swift */; };
		C913E9A21AED435800EBC693 /* DownloadListProgressCellView.swift in Sources */ = {isa = PBXBuildFile; fileRef = C913E9A11AED435800EBC693 /* DownloadListProgressCellView.swift */; };
		DD0974DF1B18AAA8006A3C77 /* URLSchemeHandler.swift in Sources */ = {isa = PBXBuildFile; fileRef = DD0974DE1B18AAA8006A3C77 /* URLSchemeHandler.swift */; };
		DD2016061AE3FA6600DD8155 /* SessionProgressView.swift in Sources */ = {isa = PBXBuildFile; fileRef = DD2016051AE3FA6600DD8155 /* SessionProgressView.swift */; };
		DD2016681AE402B400DD8155 /* ViewUtils.framework in Frameworks */ = {isa = PBXBuildFile; fileRef = DD2016661AE4029100DD8155 /* ViewUtils.framework */; };
		DD2016691AE402B400DD8155 /* ViewUtils.framework in Embed Frameworks */ = {isa = PBXBuildFile; fileRef = DD2016661AE4029100DD8155 /* ViewUtils.framework */; settings = {ATTRIBUTES = (CodeSignOnCopy, RemoveHeadersOnCopy, ); }; };
		DD20166E1AE40D0100DD8155 /* ContentBackgroundView.swift in Sources */ = {isa = PBXBuildFile; fileRef = DD20166D1AE40D0100DD8155 /* ContentBackgroundView.swift */; };
		DD2016751AE411C800DD8155 /* VideoWindowController.swift in Sources */ = {isa = PBXBuildFile; fileRef = DD2016731AE411C800DD8155 /* VideoWindowController.swift */; };
		DD2016761AE411C800DD8155 /* VideoWindowController.xib in Resources */ = {isa = PBXBuildFile; fileRef = DD2016741AE411C800DD8155 /* VideoWindowController.xib */; };
		DD2016781AE4141900DD8155 /* ArrayExtensions.swift in Sources */ = {isa = PBXBuildFile; fileRef = DD2016771AE4141900DD8155 /* ArrayExtensions.swift */; };
		DD2CC38C1AF4161700FC5F68 /* Preferences.swift in Sources */ = {isa = PBXBuildFile; fileRef = DD2CC38B1AF4161700FC5F68 /* Preferences.swift */; };
		DD2CC38F1AF419F500FC5F68 /* PreferencesWindowController.swift in Sources */ = {isa = PBXBuildFile; fileRef = DD2CC38D1AF419F500FC5F68 /* PreferencesWindowController.swift */; };
		DD2CC3901AF419F500FC5F68 /* PreferencesWindowController.xib in Resources */ = {isa = PBXBuildFile; fileRef = DD2CC38E1AF419F500FC5F68 /* PreferencesWindowController.xib */; };
		DD3081781AF3DC370009D412 /* DTFolderMonitor.m in Sources */ = {isa = PBXBuildFile; fileRef = DD3081771AF3DC370009D412 /* DTFolderMonitor.m */; };
		DD373A8A1AE871AB00DAC19B /* VideoStore.swift in Sources */ = {isa = PBXBuildFile; fileRef = DD373A891AE871AB00DAC19B /* VideoStore.swift */; };
		DD4F6E521AE2D11D0099BEB5 /* AppDelegate.swift in Sources */ = {isa = PBXBuildFile; fileRef = DD4F6E511AE2D11D0099BEB5 /* AppDelegate.swift */; };
		DD4F6E541AE2D11D0099BEB5 /* VideosViewController.swift in Sources */ = {isa = PBXBuildFile; fileRef = DD4F6E531AE2D11D0099BEB5 /* VideosViewController.swift */; };
		DD4F6E561AE2D11D0099BEB5 /* Images.xcassets in Resources */ = {isa = PBXBuildFile; fileRef = DD4F6E551AE2D11D0099BEB5 /* Images.xcassets */; };
		DD4F6E591AE2D11D0099BEB5 /* Main.storyboard in Resources */ = {isa = PBXBuildFile; fileRef = DD4F6E571AE2D11D0099BEB5 /* Main.storyboard */; };
		DD4F6E6F1AE2D14A0099BEB5 /* MainWindowController.swift in Sources */ = {isa = PBXBuildFile; fileRef = DD4F6E6E1AE2D14A0099BEB5 /* MainWindowController.swift */; };
		DD4F6E711AE2D1C60099BEB5 /* VideoDetailsViewController.swift in Sources */ = {isa = PBXBuildFile; fileRef = DD4F6E701AE2D1C60099BEB5 /* VideoDetailsViewController.swift */; };
		DD4F6E731AE2D5980099BEB5 /* VideoTableCellView.swift in Sources */ = {isa = PBXBuildFile; fileRef = DD4F6E721AE2D5980099BEB5 /* VideoTableCellView.swift */; };
		DD4F6E761AE2D82A0099BEB5 /* VideosHeaderViewController.swift in Sources */ = {isa = PBXBuildFile; fileRef = DD4F6E741AE2D82A0099BEB5 /* VideosHeaderViewController.swift */; };
		DD4F6E771AE2D82A0099BEB5 /* VideosHeaderViewController.xib in Resources */ = {isa = PBXBuildFile; fileRef = DD4F6E751AE2D82A0099BEB5 /* VideosHeaderViewController.xib */; };
		DD4F6E791AE2D98F0099BEB5 /* HeaderView.swift in Sources */ = {isa = PBXBuildFile; fileRef = DD4F6E781AE2D98F0099BEB5 /* HeaderView.swift */; };
		DD7F6F911AE97C99007A4E5E /* WebKit.framework in Frameworks */ = {isa = PBXBuildFile; fileRef = DD7F6F901AE97C99007A4E5E /* WebKit.framework */; };
		DD829F221AF271DF00B5977B /* index.json in Resources */ = {isa = PBXBuildFile; fileRef = DD829F211AF271DF00B5977B /* index.json */; };
		DD89EA0C1AF48A4C0073B845 /* Updater.framework in Frameworks */ = {isa = PBXBuildFile; fileRef = DD89EA0B1AF48A300073B845 /* Updater.framework */; };
		DD89EA0D1AF48A4C0073B845 /* Updater.framework in Embed Frameworks */ = {isa = PBXBuildFile; fileRef = DD89EA0B1AF48A300073B845 /* Updater.framework */; settings = {ATTRIBUTES = (CodeSignOnCopy, RemoveHeadersOnCopy, ); }; };
		DD92EAA61AE978EC00D503AE /* ASCIIwwdc.framework in Frameworks */ = {isa = PBXBuildFile; fileRef = DD92EAA41AE978DC00D503AE /* ASCIIwwdc.framework */; };
		DD92EAA71AE978EC00D503AE /* ASCIIwwdc.framework in Embed Frameworks */ = {isa = PBXBuildFile; fileRef = DD92EAA41AE978DC00D503AE /* ASCIIwwdc.framework */; settings = {ATTRIBUTES = (CodeSignOnCopy, RemoveHeadersOnCopy, ); }; };
		DD92EAAC1AE9795900D503AE /* TranscriptWindowController.swift in Sources */ = {isa = PBXBuildFile; fileRef = DD92EAAA1AE9795900D503AE /* TranscriptWindowController.swift */; };
		DD92EAAD1AE9795900D503AE /* TranscriptWindowController.xib in Resources */ = {isa = PBXBuildFile; fileRef = DD92EAAB1AE9795900D503AE /* TranscriptWindowController.xib */; };
		DDC049D01AE564F20008D41A /* PDFWindowController.swift in Sources */ = {isa = PBXBuildFile; fileRef = DDC049CE1AE564F20008D41A /* PDFWindowController.swift */; };
		DDC049D11AE564F20008D41A /* PDFWindowController.xib in Resources */ = {isa = PBXBuildFile; fileRef = DDC049CF1AE564F20008D41A /* PDFWindowController.xib */; };
		DDCC5D721AF1518A00F24F55 /* Crashlytics.framework in Frameworks */ = {isa = PBXBuildFile; fileRef = DDCC5D711AF1518A00F24F55 /* Crashlytics.framework */; };
		DDCC5D761AF1532600F24F55 /* GRCrashlyticsHelper.m in Sources */ = {isa = PBXBuildFile; fileRef = DDCC5D751AF1532600F24F55 /* GRCrashlyticsHelper.m */; };
		DDD7A4331AE2DF14000A0102 /* Theme.swift in Sources */ = {isa = PBXBuildFile; fileRef = DDD7A4321AE2DF14000A0102 /* Theme.swift */; };
		DDD7A4351AE2E02A000A0102 /* SeparatorView.swift in Sources */ = {isa = PBXBuildFile; fileRef = DDD7A4341AE2E02A000A0102 /* SeparatorView.swift */; };
		DDD7A4381AE2E265000A0102 /* Session.swift in Sources */ = {isa = PBXBuildFile; fileRef = DDD7A4371AE2E265000A0102 /* Session.swift */; };
		DDD7A43A1AE2E305000A0102 /* DataStore.swift in Sources */ = {isa = PBXBuildFile; fileRef = DDD7A4391AE2E305000A0102 /* DataStore.swift */; };
		DDD7A43D1AE2E39A000A0102 /* SwiftyJSON.swift in Sources */ = {isa = PBXBuildFile; fileRef = DDD7A43C1AE2E39A000A0102 /* SwiftyJSON.swift */; };
		DDE6CFE61AED1F3700DC8D9E /* ActionButtonsViewController.swift in Sources */ = {isa = PBXBuildFile; fileRef = DDE6CFE51AED1F3700DC8D9E /* ActionButtonsViewController.swift */; };
		DDEC0DF91B0E73FA001752CA /* Fabric.framework in Frameworks */ = {isa = PBXBuildFile; fileRef = DDEC0DF81B0E73FA001752CA /* Fabric.framework */; };
		DDF6153D1B07BAB1002C8667 /* LiveEvent.swift in Sources */ = {isa = PBXBuildFile; fileRef = DDF6153C1B07BAB1002C8667 /* LiveEvent.swift */; };
		DDF6153F1B07C30B002C8667 /* LiveEventObserver.swift in Sources */ = {isa = PBXBuildFile; fileRef = DDF6153E1B07C30B002C8667 /* LiveEventObserver.swift */; };
		DDF80A661AE88B6F004BE8E2 /* DownloadProgressViewController.swift in Sources */ = {isa = PBXBuildFile; fileRef = DDF80A651AE88B6F004BE8E2 /* DownloadProgressViewController.swift */; };
		DDF80A681AE8AC78004BE8E2 /* StringExtensions.swift in Sources */ = {isa = PBXBuildFile; fileRef = DDF80A671AE8AC78004BE8E2 /* StringExtensions.swift */; };
		DDF9D1931B04F361006F0953 /* SplitManager.swift in Sources */ = {isa = PBXBuildFile; fileRef = DDF9D1921B04F361006F0953 /* SplitManager.swift */; };
/* End PBXBuildFile section */

/* Begin PBXContainerItemProxy section */
		DD2016651AE4029100DD8155 /* PBXContainerItemProxy */ = {
			isa = PBXContainerItemProxy;
			containerPortal = DD2016611AE4029100DD8155 /* ViewUtils.xcodeproj */;
			proxyType = 2;
			remoteGlobalIDString = DD2016411AE401B500DD8155;
			remoteInfo = ViewUtils;
		};
		DD20166A1AE402B400DD8155 /* PBXContainerItemProxy */ = {
			isa = PBXContainerItemProxy;
			containerPortal = DD2016611AE4029100DD8155 /* ViewUtils.xcodeproj */;
			proxyType = 1;
			remoteGlobalIDString = DD2016401AE401B500DD8155;
			remoteInfo = ViewUtils;
		};
		DD89EA0A1AF48A300073B845 /* PBXContainerItemProxy */ = {
			isa = PBXContainerItemProxy;
			containerPortal = DD89EA061AF48A300073B845 /* Updater.xcodeproj */;
			proxyType = 2;
			remoteGlobalIDString = DD89E9B91AF4255F0073B845;
			remoteInfo = Updater;
		};
		DD89EA0E1AF48A4C0073B845 /* PBXContainerItemProxy */ = {
			isa = PBXContainerItemProxy;
			containerPortal = DD89EA061AF48A300073B845 /* Updater.xcodeproj */;
			proxyType = 1;
			remoteGlobalIDString = DD89E9B81AF4255F0073B845;
			remoteInfo = Updater;
		};
		DD92EAA31AE978DC00D503AE /* PBXContainerItemProxy */ = {
			isa = PBXContainerItemProxy;
			containerPortal = DD92EA9F1AE978DC00D503AE /* ASCIIwwdc.xcodeproj */;
			proxyType = 2;
			remoteGlobalIDString = DD92EA511AE9611B00D503AE;
			remoteInfo = ASCIIwwdc;
		};
		DD92EAA81AE978EC00D503AE /* PBXContainerItemProxy */ = {
			isa = PBXContainerItemProxy;
			containerPortal = DD92EA9F1AE978DC00D503AE /* ASCIIwwdc.xcodeproj */;
			proxyType = 1;
			remoteGlobalIDString = DD92EA501AE9611B00D503AE;
			remoteInfo = ASCIIwwdc;
		};
/* End PBXContainerItemProxy section */

/* Begin PBXCopyFilesBuildPhase section */
		DD20166C1AE402B400DD8155 /* Embed Frameworks */ = {
			isa = PBXCopyFilesBuildPhase;
			buildActionMask = 2147483647;
			dstPath = "";
			dstSubfolderSpec = 10;
			files = (
				DD2016691AE402B400DD8155 /* ViewUtils.framework in Embed Frameworks */,
				DD92EAA71AE978EC00D503AE /* ASCIIwwdc.framework in Embed Frameworks */,
				DD89EA0D1AF48A4C0073B845 /* Updater.framework in Embed Frameworks */,
			);
			name = "Embed Frameworks";
			runOnlyForDeploymentPostprocessing = 0;
		};
/* End PBXCopyFilesBuildPhase section */

/* Begin PBXFileReference section */
		1C967BA81AE7EB27003662B2 /* NSString+QualifierSearchParser.h */ = {isa = PBXFileReference; fileEncoding = 4; lastKnownFileType = sourcecode.c.h; path = "NSString+QualifierSearchParser.h"; sourceTree = "<group>"; };
		1C967BA91AE7EB27003662B2 /* NSString+QualifierSearchParser.m */ = {isa = PBXFileReference; fileEncoding = 4; lastKnownFileType = sourcecode.c.objc; path = "NSString+QualifierSearchParser.m"; sourceTree = "<group>"; };
		1C967BAB1AE7EB5C003662B2 /* WWDC-Bridging-Header.h */ = {isa = PBXFileReference; lastKnownFileType = sourcecode.c.h; path = "WWDC-Bridging-Header.h"; sourceTree = "<group>"; };
		7CBE657D1B161B5C0059A52D /* AVPlayerPlaybackStateObserver.swift */ = {isa = PBXFileReference; fileEncoding = 4; lastKnownFileType = sourcecode.swift; path = AVPlayerPlaybackStateObserver.swift; sourceTree = "<group>"; };
		C913E9991AED1D2900EBC693 /* DownloadListWindowController.xib */ = {isa = PBXFileReference; fileEncoding = 4; lastKnownFileType = file.xib; path = DownloadListWindowController.xib; sourceTree = "<group>"; };
		C913E99B1AED21FB00EBC693 /* DownloadListWindowController.swift */ = {isa = PBXFileReference; fileEncoding = 4; lastKnownFileType = sourcecode.swift; path = DownloadListWindowController.swift; sourceTree = "<group>"; };
		C913E9A11AED435800EBC693 /* DownloadListProgressCellView.swift */ = {isa = PBXFileReference; fileEncoding = 4; lastKnownFileType = sourcecode.swift; path = DownloadListProgressCellView.swift; sourceTree = "<group>"; };
		DD0974DE1B18AAA8006A3C77 /* URLSchemeHandler.swift */ = {isa = PBXFileReference; fileEncoding = 4; lastKnownFileType = sourcecode.swift; path = URLSchemeHandler.swift; sourceTree = "<group>"; };
		DD2016051AE3FA6600DD8155 /* SessionProgressView.swift */ = {isa = PBXFileReference; fileEncoding = 4; lastKnownFileType = sourcecode.swift; path = SessionProgressView.swift; sourceTree = "<group>"; };
		DD2016611AE4029100DD8155 /* ViewUtils.xcodeproj */ = {isa = PBXFileReference; lastKnownFileType = "wrapper.pb-project"; name = ViewUtils.xcodeproj; path = ViewUtils/ViewUtils.xcodeproj; sourceTree = "<group>"; };
		DD20166D1AE40D0100DD8155 /* ContentBackgroundView.swift */ = {isa = PBXFileReference; fileEncoding = 4; lastKnownFileType = sourcecode.swift; path = ContentBackgroundView.swift; sourceTree = "<group>"; };
		DD2016731AE411C800DD8155 /* VideoWindowController.swift */ = {isa = PBXFileReference; fileEncoding = 4; lastKnownFileType = sourcecode.swift; path = VideoWindowController.swift; sourceTree = "<group>"; };
		DD2016741AE411C800DD8155 /* VideoWindowController.xib */ = {isa = PBXFileReference; fileEncoding = 4; lastKnownFileType = file.xib; path = VideoWindowController.xib; sourceTree = "<group>"; };
		DD2016771AE4141900DD8155 /* ArrayExtensions.swift */ = {isa = PBXFileReference; fileEncoding = 4; lastKnownFileType = sourcecode.swift; path = ArrayExtensions.swift; sourceTree = "<group>"; };
		DD2CC38B1AF4161700FC5F68 /* Preferences.swift */ = {isa = PBXFileReference; fileEncoding = 4; lastKnownFileType = sourcecode.swift; path = Preferences.swift; sourceTree = "<group>"; };
		DD2CC38D1AF419F500FC5F68 /* PreferencesWindowController.swift */ = {isa = PBXFileReference; fileEncoding = 4; lastKnownFileType = sourcecode.swift; path = PreferencesWindowController.swift; sourceTree = "<group>"; };
		DD2CC38E1AF419F500FC5F68 /* PreferencesWindowController.xib */ = {isa = PBXFileReference; fileEncoding = 4; lastKnownFileType = file.xib; path = PreferencesWindowController.xib; sourceTree = "<group>"; };
		DD3081761AF3DC370009D412 /* DTFolderMonitor.h */ = {isa = PBXFileReference; fileEncoding = 4; lastKnownFileType = sourcecode.c.h; path = DTFolderMonitor.h; sourceTree = "<group>"; };
		DD3081771AF3DC370009D412 /* DTFolderMonitor.m */ = {isa = PBXFileReference; fileEncoding = 4; lastKnownFileType = sourcecode.c.objc; path = DTFolderMonitor.m; sourceTree = "<group>"; };
		DD373A891AE871AB00DAC19B /* VideoStore.swift */ = {isa = PBXFileReference; fileEncoding = 4; lastKnownFileType = sourcecode.swift; path = VideoStore.swift; sourceTree = "<group>"; };
		DD4F6E4C1AE2D11D0099BEB5 /* WWDC.app */ = {isa = PBXFileReference; explicitFileType = wrapper.application; includeInIndex = 0; path = WWDC.app; sourceTree = BUILT_PRODUCTS_DIR; };
		DD4F6E501AE2D11D0099BEB5 /* Info.plist */ = {isa = PBXFileReference; lastKnownFileType = text.plist.xml; path = Info.plist; sourceTree = "<group>"; };
		DD4F6E511AE2D11D0099BEB5 /* AppDelegate.swift */ = {isa = PBXFileReference; lastKnownFileType = sourcecode.swift; path = AppDelegate.swift; sourceTree = "<group>"; };
		DD4F6E531AE2D11D0099BEB5 /* VideosViewController.swift */ = {isa = PBXFileReference; lastKnownFileType = sourcecode.swift; path = VideosViewController.swift; sourceTree = "<group>"; };
		DD4F6E551AE2D11D0099BEB5 /* Images.xcassets */ = {isa = PBXFileReference; lastKnownFileType = folder.assetcatalog; path = Images.xcassets; sourceTree = "<group>"; };
		DD4F6E581AE2D11D0099BEB5 /* Base */ = {isa = PBXFileReference; lastKnownFileType = file.storyboard; name = Base; path = Base.lproj/Main.storyboard; sourceTree = "<group>"; };
		DD4F6E6E1AE2D14A0099BEB5 /* MainWindowController.swift */ = {isa = PBXFileReference; fileEncoding = 4; lastKnownFileType = sourcecode.swift; path = MainWindowController.swift; sourceTree = "<group>"; };
		DD4F6E701AE2D1C60099BEB5 /* VideoDetailsViewController.swift */ = {isa = PBXFileReference; fileEncoding = 4; lastKnownFileType = sourcecode.swift; path = VideoDetailsViewController.swift; sourceTree = "<group>"; };
		DD4F6E721AE2D5980099BEB5 /* VideoTableCellView.swift */ = {isa = PBXFileReference; fileEncoding = 4; lastKnownFileType = sourcecode.swift; path = VideoTableCellView.swift; sourceTree = "<group>"; };
		DD4F6E741AE2D82A0099BEB5 /* VideosHeaderViewController.swift */ = {isa = PBXFileReference; fileEncoding = 4; lastKnownFileType = sourcecode.swift; path = VideosHeaderViewController.swift; sourceTree = "<group>"; };
		DD4F6E751AE2D82A0099BEB5 /* VideosHeaderViewController.xib */ = {isa = PBXFileReference; fileEncoding = 4; lastKnownFileType = file.xib; path = VideosHeaderViewController.xib; sourceTree = "<group>"; };
		DD4F6E781AE2D98F0099BEB5 /* HeaderView.swift */ = {isa = PBXFileReference; fileEncoding = 4; lastKnownFileType = sourcecode.swift; path = HeaderView.swift; sourceTree = "<group>"; };
		DD7F6F901AE97C99007A4E5E /* WebKit.framework */ = {isa = PBXFileReference; lastKnownFileType = wrapper.framework; name = WebKit.framework; path = System/Library/Frameworks/WebKit.framework; sourceTree = SDKROOT; };
		DD829F1B1AF26D3C00B5977B /* Crashlytics.sh */ = {isa = PBXFileReference; lastKnownFileType = text.script.sh; path = Crashlytics.sh; sourceTree = "<group>"; };
		DD829F211AF271DF00B5977B /* index.json */ = {isa = PBXFileReference; fileEncoding = 4; lastKnownFileType = text.json; path = index.json; sourceTree = "<group>"; };
		DD89EA061AF48A300073B845 /* Updater.xcodeproj */ = {isa = PBXFileReference; lastKnownFileType = "wrapper.pb-project"; name = Updater.xcodeproj; path = Updater/Updater.xcodeproj; sourceTree = "<group>"; };
		DD92EA9F1AE978DC00D503AE /* ASCIIwwdc.xcodeproj */ = {isa = PBXFileReference; lastKnownFileType = "wrapper.pb-project"; name = ASCIIwwdc.xcodeproj; path = ASCIIwwdc/ASCIIwwdc.xcodeproj; sourceTree = "<group>"; };
		DD92EAAA1AE9795900D503AE /* TranscriptWindowController.swift */ = {isa = PBXFileReference; fileEncoding = 4; lastKnownFileType = sourcecode.swift; path = TranscriptWindowController.swift; sourceTree = "<group>"; };
		DD92EAAB1AE9795900D503AE /* TranscriptWindowController.xib */ = {isa = PBXFileReference; fileEncoding = 4; lastKnownFileType = file.xib; path = TranscriptWindowController.xib; sourceTree = "<group>"; };
		DDC049CE1AE564F20008D41A /* PDFWindowController.swift */ = {isa = PBXFileReference; fileEncoding = 4; lastKnownFileType = sourcecode.swift; path = PDFWindowController.swift; sourceTree = "<group>"; };
		DDC049CF1AE564F20008D41A /* PDFWindowController.xib */ = {isa = PBXFileReference; fileEncoding = 4; lastKnownFileType = file.xib; path = PDFWindowController.xib; sourceTree = "<group>"; };
		DDCC5D711AF1518A00F24F55 /* Crashlytics.framework */ = {isa = PBXFileReference; lastKnownFileType = wrapper.framework; path = Crashlytics.framework; sourceTree = "<group>"; };
		DDCC5D741AF1532600F24F55 /* GRCrashlyticsHelper.h */ = {isa = PBXFileReference; fileEncoding = 4; lastKnownFileType = sourcecode.c.h; path = GRCrashlyticsHelper.h; sourceTree = "<group>"; };
		DDCC5D751AF1532600F24F55 /* GRCrashlyticsHelper.m */ = {isa = PBXFileReference; fileEncoding = 4; lastKnownFileType = sourcecode.c.objc; path = GRCrashlyticsHelper.m; sourceTree = "<group>"; };
		DDD7A4321AE2DF14000A0102 /* Theme.swift */ = {isa = PBXFileReference; fileEncoding = 4; lastKnownFileType = sourcecode.swift; path = Theme.swift; sourceTree = "<group>"; };
		DDD7A4341AE2E02A000A0102 /* SeparatorView.swift */ = {isa = PBXFileReference; fileEncoding = 4; lastKnownFileType = sourcecode.swift; path = SeparatorView.swift; sourceTree = "<group>"; };
		DDD7A4371AE2E265000A0102 /* Session.swift */ = {isa = PBXFileReference; fileEncoding = 4; lastKnownFileType = sourcecode.swift; path = Session.swift; sourceTree = "<group>"; };
		DDD7A4391AE2E305000A0102 /* DataStore.swift */ = {isa = PBXFileReference; fileEncoding = 4; lastKnownFileType = sourcecode.swift; path = DataStore.swift; sourceTree = "<group>"; };
		DDD7A43C1AE2E39A000A0102 /* SwiftyJSON.swift */ = {isa = PBXFileReference; fileEncoding = 4; lastKnownFileType = sourcecode.swift; path = SwiftyJSON.swift; sourceTree = "<group>"; };
		DDE6CFE51AED1F3700DC8D9E /* ActionButtonsViewController.swift */ = {isa = PBXFileReference; fileEncoding = 4; lastKnownFileType = sourcecode.swift; path = ActionButtonsViewController.swift; sourceTree = "<group>"; };
		DDEC0DF81B0E73FA001752CA /* Fabric.framework */ = {isa = PBXFileReference; lastKnownFileType = wrapper.framework; path = Fabric.framework; sourceTree = "<group>"; };
		DDF6153C1B07BAB1002C8667 /* LiveEvent.swift */ = {isa = PBXFileReference; fileEncoding = 4; lastKnownFileType = sourcecode.swift; path = LiveEvent.swift; sourceTree = "<group>"; };
		DDF6153E1B07C30B002C8667 /* LiveEventObserver.swift */ = {isa = PBXFileReference; fileEncoding = 4; lastKnownFileType = sourcecode.swift; path = LiveEventObserver.swift; sourceTree = "<group>"; };
		DDF80A651AE88B6F004BE8E2 /* DownloadProgressViewController.swift */ = {isa = PBXFileReference; fileEncoding = 4; lastKnownFileType = sourcecode.swift; path = DownloadProgressViewController.swift; sourceTree = "<group>"; };
		DDF80A671AE8AC78004BE8E2 /* StringExtensions.swift */ = {isa = PBXFileReference; fileEncoding = 4; lastKnownFileType = sourcecode.swift; path = StringExtensions.swift; sourceTree = "<group>"; };
		DDF9D1921B04F361006F0953 /* SplitManager.swift */ = {isa = PBXFileReference; fileEncoding = 4; lastKnownFileType = sourcecode.swift; path = SplitManager.swift; sourceTree = "<group>"; };
/* End PBXFileReference section */

/* Begin PBXFrameworksBuildPhase section */
		DD4F6E491AE2D11D0099BEB5 /* Frameworks */ = {
			isa = PBXFrameworksBuildPhase;
			buildActionMask = 2147483647;
			files = (
				DD89EA0C1AF48A4C0073B845 /* Updater.framework in Frameworks */,
				DD7F6F911AE97C99007A4E5E /* WebKit.framework in Frameworks */,
				DD2016681AE402B400DD8155 /* ViewUtils.framework in Frameworks */,
				DDCC5D721AF1518A00F24F55 /* Crashlytics.framework in Frameworks */,
				DD92EAA61AE978EC00D503AE /* ASCIIwwdc.framework in Frameworks */,
				DDEC0DF91B0E73FA001752CA /* Fabric.framework in Frameworks */,
			);
			runOnlyForDeploymentPostprocessing = 0;
		};
/* End PBXFrameworksBuildPhase section */

/* Begin PBXGroup section */
		DD2016621AE4029100DD8155 /* Products */ = {
			isa = PBXGroup;
			children = (
				DD2016661AE4029100DD8155 /* ViewUtils.framework */,
			);
			name = Products;
			sourceTree = "<group>";
		};
		DD4F6E431AE2D11D0099BEB5 = {
			isa = PBXGroup;
			children = (
				DDEC0DF81B0E73FA001752CA /* Fabric.framework */,
				DD89EA061AF48A300073B845 /* Updater.xcodeproj */,
				DDCC5D711AF1518A00F24F55 /* Crashlytics.framework */,
				DD7F6F901AE97C99007A4E5E /* WebKit.framework */,
				DD92EA9F1AE978DC00D503AE /* ASCIIwwdc.xcodeproj */,
				DD2016611AE4029100DD8155 /* ViewUtils.xcodeproj */,
				DD4F6E4E1AE2D11D0099BEB5 /* WWDC */,
				DD4F6E4D1AE2D11D0099BEB5 /* Products */,
			);
			sourceTree = "<group>";
		};
		DD4F6E4D1AE2D11D0099BEB5 /* Products */ = {
			isa = PBXGroup;
			children = (
				DD4F6E4C1AE2D11D0099BEB5 /* WWDC.app */,
			);
			name = Products;
			sourceTree = "<group>";
		};
		DD4F6E4E1AE2D11D0099BEB5 /* WWDC */ = {
			isa = PBXGroup;
			children = (
				DD829F201AF271D400B5977B /* Service */,
				1C967BAB1AE7EB5C003662B2 /* WWDC-Bridging-Header.h */,
				DDD7A43B1AE2E392000A0102 /* Vendor */,
				DDD7A4361AE2E253000A0102 /* Models */,
				DDD7A4311AE2DF06000A0102 /* Helpers */,
				DDD7A4301AE2DEFD000A0102 /* Resources */,
				DDD7A42F1AE2DEF2000A0102 /* Aux Controllers */,
				DDD7A42E1AE2DEDD000A0102 /* Main Controllers */,
				DDD7A42D1AE2DECE000A0102 /* Views */,
				DD4F6E511AE2D11D0099BEB5 /* AppDelegate.swift */,
				DD4F6E551AE2D11D0099BEB5 /* Images.xcassets */,
				DD4F6E4F1AE2D11D0099BEB5 /* Supporting Files */,
			);
			path = WWDC;
			sourceTree = "<group>";
		};
		DD4F6E4F1AE2D11D0099BEB5 /* Supporting Files */ = {
			isa = PBXGroup;
			children = (
				DD4F6E501AE2D11D0099BEB5 /* Info.plist */,
			);
			name = "Supporting Files";
			sourceTree = "<group>";
		};
		DD829F201AF271D400B5977B /* Service */ = {
			isa = PBXGroup;
			children = (
				DD829F211AF271DF00B5977B /* index.json */,
			);
			name = Service;
			sourceTree = "<group>";
		};
		DD89EA071AF48A300073B845 /* Products */ = {
			isa = PBXGroup;
			children = (
				DD89EA0B1AF48A300073B845 /* Updater.framework */,
			);
			name = Products;
			sourceTree = "<group>";
		};
		DD92EAA01AE978DC00D503AE /* Products */ = {
			isa = PBXGroup;
			children = (
				DD92EAA41AE978DC00D503AE /* ASCIIwwdc.framework */,
			);
			name = Products;
			sourceTree = "<group>";
		};
		DDCC5D731AF1530800F24F55 /* Crashlytics */ = {
			isa = PBXGroup;
			children = (
				DDCC5D741AF1532600F24F55 /* GRCrashlyticsHelper.h */,
				DDCC5D751AF1532600F24F55 /* GRCrashlyticsHelper.m */,
				DD829F1B1AF26D3C00B5977B /* Crashlytics.sh */,
			);
			name = Crashlytics;
			sourceTree = "<group>";
		};
		DDD7A42D1AE2DECE000A0102 /* Views */ = {
			isa = PBXGroup;
			children = (
				C913E9A11AED435800EBC693 /* DownloadListProgressCellView.swift */,
				DD4F6E721AE2D5980099BEB5 /* VideoTableCellView.swift */,
				DD4F6E781AE2D98F0099BEB5 /* HeaderView.swift */,
				DDD7A4341AE2E02A000A0102 /* SeparatorView.swift */,
				DD2016051AE3FA6600DD8155 /* SessionProgressView.swift */,
				DD20166D1AE40D0100DD8155 /* ContentBackgroundView.swift */,
			);
			name = Views;
			sourceTree = "<group>";
		};
		DDD7A42E1AE2DEDD000A0102 /* Main Controllers */ = {
			isa = PBXGroup;
			children = (
				DD4F6E701AE2D1C60099BEB5 /* VideoDetailsViewController.swift */,
				DD4F6E531AE2D11D0099BEB5 /* VideosViewController.swift */,
				DD2016731AE411C800DD8155 /* VideoWindowController.swift */,
				DDC049CE1AE564F20008D41A /* PDFWindowController.swift */,
				DD92EAAA1AE9795900D503AE /* TranscriptWindowController.swift */,
				C913E99B1AED21FB00EBC693 /* DownloadListWindowController.swift */,
				DD2CC38D1AF419F500FC5F68 /* PreferencesWindowController.swift */,
			);
			name = "Main Controllers";
			sourceTree = "<group>";
		};
		DDD7A42F1AE2DEF2000A0102 /* Aux Controllers */ = {
			isa = PBXGroup;
			children = (
				DD4F6E741AE2D82A0099BEB5 /* VideosHeaderViewController.swift */,
				DD4F6E6E1AE2D14A0099BEB5 /* MainWindowController.swift */,
				DDF80A651AE88B6F004BE8E2 /* DownloadProgressViewController.swift */,
				DDE6CFE51AED1F3700DC8D9E /* ActionButtonsViewController.swift */,
				DDF9D1921B04F361006F0953 /* SplitManager.swift */,
				DDF6153E1B07C30B002C8667 /* LiveEventObserver.swift */,
				DD0974DE1B18AAA8006A3C77 /* URLSchemeHandler.swift */,
			);
			name = "Aux Controllers";
			sourceTree = "<group>";
		};
		DDD7A4301AE2DEFD000A0102 /* Resources */ = {
			isa = PBXGroup;
			children = (
				DD2CC38E1AF419F500FC5F68 /* PreferencesWindowController.xib */,
				DD92EAAB1AE9795900D503AE /* TranscriptWindowController.xib */,
				DDC049CF1AE564F20008D41A /* PDFWindowController.xib */,
				DD2016741AE411C800DD8155 /* VideoWindowController.xib */,
				DD4F6E571AE2D11D0099BEB5 /* Main.storyboard */,
				DD4F6E751AE2D82A0099BEB5 /* VideosHeaderViewController.xib */,
				C913E9991AED1D2900EBC693 /* DownloadListWindowController.xib */,
			);
			name = Resources;
			sourceTree = "<group>";
		};
		DDD7A4311AE2DF06000A0102 /* Helpers */ = {
			isa = PBXGroup;
			children = (
				DDCC5D731AF1530800F24F55 /* Crashlytics */,
				DDD7A4321AE2DF14000A0102 /* Theme.swift */,
				DD2016771AE4141900DD8155 /* ArrayExtensions.swift */,
				DDF80A671AE8AC78004BE8E2 /* StringExtensions.swift */,
				7CBE657D1B161B5C0059A52D /* AVPlayerPlaybackStateObserver.swift */,
			);
			name = Helpers;
			sourceTree = "<group>";
		};
		DDD7A4361AE2E253000A0102 /* Models */ = {
			isa = PBXGroup;
			children = (
				DD373A891AE871AB00DAC19B /* VideoStore.swift */,
				DDD7A4371AE2E265000A0102 /* Session.swift */,
				DDD7A4391AE2E305000A0102 /* DataStore.swift */,
				DD2CC38B1AF4161700FC5F68 /* Preferences.swift */,
				DDF6153C1B07BAB1002C8667 /* LiveEvent.swift */,
			);
			name = Models;
			sourceTree = "<group>";
		};
		DDD7A43B1AE2E392000A0102 /* Vendor */ = {
			isa = PBXGroup;
			children = (
				DD3081761AF3DC370009D412 /* DTFolderMonitor.h */,
				DD3081771AF3DC370009D412 /* DTFolderMonitor.m */,
				1C967BA81AE7EB27003662B2 /* NSString+QualifierSearchParser.h */,
				1C967BA91AE7EB27003662B2 /* NSString+QualifierSearchParser.m */,
				DDD7A43C1AE2E39A000A0102 /* SwiftyJSON.swift */,
			);
			name = Vendor;
			sourceTree = "<group>";
		};
/* End PBXGroup section */

/* Begin PBXNativeTarget section */
		DD4F6E4B1AE2D11D0099BEB5 /* WWDC */ = {
			isa = PBXNativeTarget;
			buildConfigurationList = DD4F6E681AE2D11D0099BEB5 /* Build configuration list for PBXNativeTarget "WWDC" */;
			buildPhases = (
				DD4F6E481AE2D11D0099BEB5 /* Sources */,
				DD4F6E491AE2D11D0099BEB5 /* Frameworks */,
				DD4F6E4A1AE2D11D0099BEB5 /* Resources */,
				DD20166C1AE402B400DD8155 /* Embed Frameworks */,
				DDCC5D701AF1512400F24F55 /* Crashlytics */,
			);
			buildRules = (
			);
			dependencies = (
				DD20166B1AE402B400DD8155 /* PBXTargetDependency */,
				DD92EAA91AE978EC00D503AE /* PBXTargetDependency */,
				DD89EA0F1AF48A4C0073B845 /* PBXTargetDependency */,
			);
			name = WWDC;
			productName = WWDC;
			productReference = DD4F6E4C1AE2D11D0099BEB5 /* WWDC.app */;
			productType = "com.apple.product-type.application";
		};
/* End PBXNativeTarget section */

/* Begin PBXProject section */
		DD4F6E441AE2D11D0099BEB5 /* Project object */ = {
			isa = PBXProject;
			attributes = {
				LastUpgradeCheck = 0630;
				ORGANIZATIONNAME = "Guilherme Rambo";
				TargetAttributes = {
					DD4F6E4B1AE2D11D0099BEB5 = {
						CreatedOnToolsVersion = 6.3;
						DevelopmentTeam = 8C7439RJLG;
					};
				};
			};
			buildConfigurationList = DD4F6E471AE2D11D0099BEB5 /* Build configuration list for PBXProject "WWDC" */;
			compatibilityVersion = "Xcode 3.2";
			developmentRegion = English;
			hasScannedForEncodings = 0;
			knownRegions = (
				en,
				Base,
			);
			mainGroup = DD4F6E431AE2D11D0099BEB5;
			productRefGroup = DD4F6E4D1AE2D11D0099BEB5 /* Products */;
			projectDirPath = "";
			projectReferences = (
				{
					ProductGroup = DD92EAA01AE978DC00D503AE /* Products */;
					ProjectRef = DD92EA9F1AE978DC00D503AE /* ASCIIwwdc.xcodeproj */;
				},
				{
					ProductGroup = DD89EA071AF48A300073B845 /* Products */;
					ProjectRef = DD89EA061AF48A300073B845 /* Updater.xcodeproj */;
				},
				{
					ProductGroup = DD2016621AE4029100DD8155 /* Products */;
					ProjectRef = DD2016611AE4029100DD8155 /* ViewUtils.xcodeproj */;
				},
			);
			projectRoot = "";
			targets = (
				DD4F6E4B1AE2D11D0099BEB5 /* WWDC */,
			);
		};
/* End PBXProject section */

/* Begin PBXReferenceProxy section */
		DD2016661AE4029100DD8155 /* ViewUtils.framework */ = {
			isa = PBXReferenceProxy;
			fileType = wrapper.framework;
			path = ViewUtils.framework;
			remoteRef = DD2016651AE4029100DD8155 /* PBXContainerItemProxy */;
			sourceTree = BUILT_PRODUCTS_DIR;
		};
		DD89EA0B1AF48A300073B845 /* Updater.framework */ = {
			isa = PBXReferenceProxy;
			fileType = wrapper.framework;
			path = Updater.framework;
			remoteRef = DD89EA0A1AF48A300073B845 /* PBXContainerItemProxy */;
			sourceTree = BUILT_PRODUCTS_DIR;
		};
		DD92EAA41AE978DC00D503AE /* ASCIIwwdc.framework */ = {
			isa = PBXReferenceProxy;
			fileType = wrapper.framework;
			path = ASCIIwwdc.framework;
			remoteRef = DD92EAA31AE978DC00D503AE /* PBXContainerItemProxy */;
			sourceTree = BUILT_PRODUCTS_DIR;
		};
/* End PBXReferenceProxy section */

/* Begin PBXResourcesBuildPhase section */
		DD4F6E4A1AE2D11D0099BEB5 /* Resources */ = {
			isa = PBXResourcesBuildPhase;
			buildActionMask = 2147483647;
			files = (
				DD2CC3901AF419F500FC5F68 /* PreferencesWindowController.xib in Resources */,
				C913E99A1AED1D2900EBC693 /* DownloadListWindowController.xib in Resources */,
				DD4F6E561AE2D11D0099BEB5 /* Images.xcassets in Resources */,
				DD2016761AE411C800DD8155 /* VideoWindowController.xib in Resources */,
				DDC049D11AE564F20008D41A /* PDFWindowController.xib in Resources */,
				DD92EAAD1AE9795900D503AE /* TranscriptWindowController.xib in Resources */,
				DD829F221AF271DF00B5977B /* index.json in Resources */,
				DD4F6E591AE2D11D0099BEB5 /* Main.storyboard in Resources */,
				DD4F6E771AE2D82A0099BEB5 /* VideosHeaderViewController.xib in Resources */,
			);
			runOnlyForDeploymentPostprocessing = 0;
		};
/* End PBXResourcesBuildPhase section */

/* Begin PBXShellScriptBuildPhase section */
		DDCC5D701AF1512400F24F55 /* Crashlytics */ = {
			isa = PBXShellScriptBuildPhase;
			buildActionMask = 2147483647;
			files = (
			);
			inputPaths = (
			);
			name = Crashlytics;
			outputPaths = (
			);
			runOnlyForDeploymentPostprocessing = 0;
			shellPath = /bin/bash;
			shellScript = "if [ -f \"./WWDC/Crashlytics.sh\" ]; then\n./WWDC/Crashlytics.sh\nfi";
		};
/* End PBXShellScriptBuildPhase section */

/* Begin PBXSourcesBuildPhase section */
		DD4F6E481AE2D11D0099BEB5 /* Sources */ = {
			isa = PBXSourcesBuildPhase;
			buildActionMask = 2147483647;
			files = (
				C913E9A21AED435800EBC693 /* DownloadListProgressCellView.swift in Sources */,
				DD20166E1AE40D0100DD8155 /* ContentBackgroundView.swift in Sources */,
				DDD7A4351AE2E02A000A0102 /* SeparatorView.swift in Sources */,
				DD4F6E761AE2D82A0099BEB5 /* VideosHeaderViewController.swift in Sources */,
				DDF80A681AE8AC78004BE8E2 /* StringExtensions.swift in Sources */,
				DD373A8A1AE871AB00DAC19B /* VideoStore.swift in Sources */,
				DDD7A4331AE2DF14000A0102 /* Theme.swift in Sources */,
				DDE6CFE61AED1F3700DC8D9E /* ActionButtonsViewController.swift in Sources */,
				DDF9D1931B04F361006F0953 /* SplitManager.swift in Sources */,
				DD92EAAC1AE9795900D503AE /* TranscriptWindowController.swift in Sources */,
				DDD7A43D1AE2E39A000A0102 /* SwiftyJSON.swift in Sources */,
				DD2016751AE411C800DD8155 /* VideoWindowController.swift in Sources */,
				DDF6153F1B07C30B002C8667 /* LiveEventObserver.swift in Sources */,
				DD2CC38F1AF419F500FC5F68 /* PreferencesWindowController.swift in Sources */,
				DDCC5D761AF1532600F24F55 /* GRCrashlyticsHelper.m in Sources */,
				DD4F6E541AE2D11D0099BEB5 /* VideosViewController.swift in Sources */,
				DDF6153D1B07BAB1002C8667 /* LiveEvent.swift in Sources */,
				DDD7A43A1AE2E305000A0102 /* DataStore.swift in Sources */,
				DD2016061AE3FA6600DD8155 /* SessionProgressView.swift in Sources */,
				C913E99C1AED21FB00EBC693 /* DownloadListWindowController.swift in Sources */,
				DD4F6E521AE2D11D0099BEB5 /* AppDelegate.swift in Sources */,
				DD4F6E731AE2D5980099BEB5 /* VideoTableCellView.swift in Sources */,
				DD4F6E711AE2D1C60099BEB5 /* VideoDetailsViewController.swift in Sources */,
				DD4F6E6F1AE2D14A0099BEB5 /* MainWindowController.swift in Sources */,
				DDC049D01AE564F20008D41A /* PDFWindowController.swift in Sources */,
				DD4F6E791AE2D98F0099BEB5 /* HeaderView.swift in Sources */,
				DD0974DF1B18AAA8006A3C77 /* URLSchemeHandler.swift in Sources */,
				DD2CC38C1AF4161700FC5F68 /* Preferences.swift in Sources */,
				DDD7A4381AE2E265000A0102 /* Session.swift in Sources */,
				7CBE657E1B161B5C0059A52D /* AVPlayerPlaybackStateObserver.swift in Sources */,
				1C967BAA1AE7EB27003662B2 /* NSString+QualifierSearchParser.m in Sources */,
				DD2016781AE4141900DD8155 /* ArrayExtensions.swift in Sources */,
				DD3081781AF3DC370009D412 /* DTFolderMonitor.m in Sources */,
				DDF80A661AE88B6F004BE8E2 /* DownloadProgressViewController.swift in Sources */,
			);
			runOnlyForDeploymentPostprocessing = 0;
		};
/* End PBXSourcesBuildPhase section */

/* Begin PBXTargetDependency section */
		DD20166B1AE402B400DD8155 /* PBXTargetDependency */ = {
			isa = PBXTargetDependency;
			name = ViewUtils;
			targetProxy = DD20166A1AE402B400DD8155 /* PBXContainerItemProxy */;
		};
		DD89EA0F1AF48A4C0073B845 /* PBXTargetDependency */ = {
			isa = PBXTargetDependency;
			name = Updater;
			targetProxy = DD89EA0E1AF48A4C0073B845 /* PBXContainerItemProxy */;
		};
		DD92EAA91AE978EC00D503AE /* PBXTargetDependency */ = {
			isa = PBXTargetDependency;
			name = ASCIIwwdc;
			targetProxy = DD92EAA81AE978EC00D503AE /* PBXContainerItemProxy */;
		};
/* End PBXTargetDependency section */

/* Begin PBXVariantGroup section */
		DD4F6E571AE2D11D0099BEB5 /* Main.storyboard */ = {
			isa = PBXVariantGroup;
			children = (
				DD4F6E581AE2D11D0099BEB5 /* Base */,
			);
			name = Main.storyboard;
			sourceTree = "<group>";
		};
/* End PBXVariantGroup section */

/* Begin XCBuildConfiguration section */
		DD4F6E661AE2D11D0099BEB5 /* Debug */ = {
			isa = XCBuildConfiguration;
			buildSettings = {
				ALWAYS_SEARCH_USER_PATHS = NO;
				CLANG_CXX_LANGUAGE_STANDARD = "gnu++0x";
				CLANG_CXX_LIBRARY = "libc++";
				CLANG_ENABLE_MODULES = YES;
				CLANG_ENABLE_OBJC_ARC = YES;
				CLANG_WARN_BOOL_CONVERSION = YES;
				CLANG_WARN_CONSTANT_CONVERSION = YES;
				CLANG_WARN_DIRECT_OBJC_ISA_USAGE = YES_ERROR;
				CLANG_WARN_EMPTY_BODY = YES;
				CLANG_WARN_ENUM_CONVERSION = YES;
				CLANG_WARN_INT_CONVERSION = YES;
				CLANG_WARN_OBJC_ROOT_CLASS = YES_ERROR;
				CLANG_WARN_UNREACHABLE_CODE = YES;
				CLANG_WARN__DUPLICATE_METHOD_MATCH = YES;
				CODE_SIGN_IDENTITY = "-";
				COPY_PHASE_STRIP = NO;
				DEBUG_INFORMATION_FORMAT = "dwarf-with-dsym";
				ENABLE_STRICT_OBJC_MSGSEND = YES;
				GCC_C_LANGUAGE_STANDARD = gnu99;
				GCC_DYNAMIC_NO_PIC = NO;
				GCC_NO_COMMON_BLOCKS = YES;
				GCC_OPTIMIZATION_LEVEL = 0;
				GCC_PREPROCESSOR_DEFINITIONS = (
					"DEBUG=1",
					"$(inherited)",
				);
				GCC_SYMBOLS_PRIVATE_EXTERN = NO;
				GCC_WARN_64_TO_32_BIT_CONVERSION = YES;
				GCC_WARN_ABOUT_RETURN_TYPE = YES_ERROR;
				GCC_WARN_UNDECLARED_SELECTOR = YES;
				GCC_WARN_UNINITIALIZED_AUTOS = YES_AGGRESSIVE;
				GCC_WARN_UNUSED_FUNCTION = YES;
				GCC_WARN_UNUSED_VARIABLE = YES;
				MACOSX_DEPLOYMENT_TARGET = 10.10;
				MTL_ENABLE_DEBUG_INFO = YES;
				ONLY_ACTIVE_ARCH = YES;
				SDKROOT = macosx;
				SWIFT_OPTIMIZATION_LEVEL = "-Onone";
			};
			name = Debug;
		};
		DD4F6E671AE2D11D0099BEB5 /* Release */ = {
			isa = XCBuildConfiguration;
			buildSettings = {
				ALWAYS_SEARCH_USER_PATHS = NO;
				CLANG_CXX_LANGUAGE_STANDARD = "gnu++0x";
				CLANG_CXX_LIBRARY = "libc++";
				CLANG_ENABLE_MODULES = YES;
				CLANG_ENABLE_OBJC_ARC = YES;
				CLANG_WARN_BOOL_CONVERSION = YES;
				CLANG_WARN_CONSTANT_CONVERSION = YES;
				CLANG_WARN_DIRECT_OBJC_ISA_USAGE = YES_ERROR;
				CLANG_WARN_EMPTY_BODY = YES;
				CLANG_WARN_ENUM_CONVERSION = YES;
				CLANG_WARN_INT_CONVERSION = YES;
				CLANG_WARN_OBJC_ROOT_CLASS = YES_ERROR;
				CLANG_WARN_UNREACHABLE_CODE = YES;
				CLANG_WARN__DUPLICATE_METHOD_MATCH = YES;
				CODE_SIGN_IDENTITY = "-";
				COPY_PHASE_STRIP = NO;
				DEBUG_INFORMATION_FORMAT = "dwarf-with-dsym";
				ENABLE_NS_ASSERTIONS = NO;
				ENABLE_STRICT_OBJC_MSGSEND = YES;
				GCC_C_LANGUAGE_STANDARD = gnu99;
				GCC_NO_COMMON_BLOCKS = YES;
				GCC_WARN_64_TO_32_BIT_CONVERSION = YES;
				GCC_WARN_ABOUT_RETURN_TYPE = YES_ERROR;
				GCC_WARN_UNDECLARED_SELECTOR = YES;
				GCC_WARN_UNINITIALIZED_AUTOS = YES_AGGRESSIVE;
				GCC_WARN_UNUSED_FUNCTION = YES;
				GCC_WARN_UNUSED_VARIABLE = YES;
				MACOSX_DEPLOYMENT_TARGET = 10.10;
				MTL_ENABLE_DEBUG_INFO = NO;
				SDKROOT = macosx;
			};
			name = Release;
		};
		DD4F6E691AE2D11D0099BEB5 /* Debug */ = {
			isa = XCBuildConfiguration;
			buildSettings = {
				ASSETCATALOG_COMPILER_APPICON_NAME = AppIcon;
				CLANG_ENABLE_MODULES = YES;
				COMBINE_HIDPI_IMAGES = YES;
				FRAMEWORK_SEARCH_PATHS = (
					"$(inherited)",
					"$(PROJECT_DIR)",
				);
				INFOPLIST_FILE = WWDC/Info.plist;
				LD_RUNPATH_SEARCH_PATHS = "$(inherited) @executable_path/../Frameworks";
				PRODUCT_NAME = "$(TARGET_NAME)";
				SWIFT_OBJC_BRIDGING_HEADER = "WWDC/WWDC-Bridging-Header.h";
				SWIFT_OPTIMIZATION_LEVEL = "-Onone";
			};
			name = Debug;
		};
		DD4F6E6A1AE2D11D0099BEB5 /* Release */ = {
			isa = XCBuildConfiguration;
			buildSettings = {
				ASSETCATALOG_COMPILER_APPICON_NAME = AppIcon;
				CLANG_ENABLE_MODULES = YES;
				COMBINE_HIDPI_IMAGES = YES;
				FRAMEWORK_SEARCH_PATHS = (
					"$(inherited)",
					"$(PROJECT_DIR)",
				);
				INFOPLIST_FILE = WWDC/Info.plist;
				LD_RUNPATH_SEARCH_PATHS = "$(inherited) @executable_path/../Frameworks";
				PRODUCT_NAME = "$(TARGET_NAME)";
				SWIFT_OBJC_BRIDGING_HEADER = "WWDC/WWDC-Bridging-Header.h";
			};
			name = Release;
		};
/* End XCBuildConfiguration section */

/* Begin XCConfigurationList section */
		DD4F6E471AE2D11D0099BEB5 /* Build configuration list for PBXProject "WWDC" */ = {
			isa = XCConfigurationList;
			buildConfigurations = (
				DD4F6E661AE2D11D0099BEB5 /* Debug */,
				DD4F6E671AE2D11D0099BEB5 /* Release */,
			);
			defaultConfigurationIsVisible = 0;
			defaultConfigurationName = Release;
		};
		DD4F6E681AE2D11D0099BEB5 /* Build configuration list for PBXNativeTarget "WWDC" */ = {
			isa = XCConfigurationList;
			buildConfigurations = (
				DD4F6E691AE2D11D0099BEB5 /* Debug */,
				DD4F6E6A1AE2D11D0099BEB5 /* Release */,
			);
			defaultConfigurationIsVisible = 0;
			defaultConfigurationName = Release;
		};
/* End XCConfigurationList section */
	};
	rootObject = DD4F6E441AE2D11D0099BEB5 /* Project object */;
}
