// !$*UTF8*$!
{
	archiveVersion = 1;
	classes = {
	};
	objectVersion = 74;
	objects = {

/* Begin PBXBuildFile section */
		012BEFA41EE8658F007E72CA /* EventKit.framework in Frameworks */ = {isa = PBXBuildFile; fileRef = 012BEFA31EE8658F007E72CA /* EventKit.framework */; };
		916228EE2E561B5700232DE6 /* ConcurrencyExtras in Frameworks */ = {isa = PBXBuildFile; productRef = 916228ED2E561B5700232DE6 /* ConcurrencyExtras */; };
		916C66EA2E55088000D0CAF1 /* Algorithms in Frameworks */ = {isa = PBXBuildFile; productRef = 916C66E92E55088000D0CAF1 /* Algorithms */; };
		9171CEFC2E5391CF0063BBA7 /* RealmSwift in Embed Frameworks */ = {isa = PBXBuildFile; productRef = 91973A9B2E538BE200C4A644 /* RealmSwift */; settings = {ATTRIBUTES = (CodeSignOnCopy, ); }; };
		91973A9C2E538BE200C4A644 /* RealmSwift in Frameworks */ = {isa = PBXBuildFile; productRef = 91973A9B2E538BE200C4A644 /* RealmSwift */; };
		91C2A0BC2A4DE9B60049B6B7 /* OrderedCollections in Frameworks */ = {isa = PBXBuildFile; productRef = 91C2A0BB2A4DE9B60049B6B7 /* OrderedCollections */; };
		DD5910701ECA0C3B003C32A4 /* CloudKit.framework in Frameworks */ = {isa = PBXBuildFile; fileRef = DD59106F1ECA0C3B003C32A4 /* CloudKit.framework */; };
		DD600AB72487F1730071B90E /* ConfUIFoundation.framework in Frameworks */ = {isa = PBXBuildFile; fileRef = DD600AB02487F1720071B90E /* ConfUIFoundation.framework */; };
		DD600AB82487F1730071B90E /* ConfUIFoundation.framework in Embed Frameworks */ = {isa = PBXBuildFile; fileRef = DD600AB02487F1720071B90E /* ConfUIFoundation.framework */; settings = {ATTRIBUTES = (CodeSignOnCopy, RemoveHeadersOnCopy, ); }; };
		DD600ACF2487F4570071B90E /* ConfUIFoundation.framework in Frameworks */ = {isa = PBXBuildFile; fileRef = DD600AB02487F1720071B90E /* ConfUIFoundation.framework */; };
		DDB1A2632577E67A00995FF1 /* ConfCore in Frameworks */ = {isa = PBXBuildFile; productRef = DDB1A2622577E67A00995FF1 /* ConfCore */; };
		DDB1A2642577E67A00995FF1 /* ConfCore in Embed Frameworks */ = {isa = PBXBuildFile; productRef = DDB1A2622577E67A00995FF1 /* ConfCore */; settings = {ATTRIBUTES = (CodeSignOnCopy, ); }; };
		DDB1A26A2577E7E900995FF1 /* Sparkle in Frameworks */ = {isa = PBXBuildFile; productRef = DDB1A2692577E7E900995FF1 /* Sparkle */; };
		DDB1A2912577EF0D00995FF1 /* TranscriptIndexingService.xpc in Embed XPC Services */ = {isa = PBXBuildFile; fileRef = DDC677F21EDA76A100A4E19C /* TranscriptIndexingService.xpc */; settings = {ATTRIBUTES = (RemoveHeadersOnCopy, ); }; };
		DDB1A2982577EF1A00995FF1 /* ConfCore in Frameworks */ = {isa = PBXBuildFile; productRef = DDB1A2972577EF1A00995FF1 /* ConfCore */; };
		DDF7219D1ECA12780054C503 /* PlayerUI.framework in Frameworks */ = {isa = PBXBuildFile; fileRef = DDF721961ECA12780054C503 /* PlayerUI.framework */; };
		DDF7219E1ECA12780054C503 /* PlayerUI.framework in Embed Frameworks */ = {isa = PBXBuildFile; fileRef = DDF721961ECA12780054C503 /* PlayerUI.framework */; settings = {ATTRIBUTES = (CodeSignOnCopy, RemoveHeadersOnCopy, ); }; };
		DDF721E31ECA12FC0054C503 /* PIP.framework in Frameworks */ = {isa = PBXBuildFile; fileRef = DDF721E21ECA12FC0054C503 /* PIP.framework */; };
/* End PBXBuildFile section */

/* Begin PBXContainerItemProxy section */
		DD600AB52487F1730071B90E /* PBXContainerItemProxy */ = {
			isa = PBXContainerItemProxy;
			containerPortal = DD36A4A41E478C6900B2EA88 /* Project object */;
			proxyType = 1;
			remoteGlobalIDString = DD600AAF2487F1720071B90E;
			remoteInfo = ConfUIFoundation;
		};
		DD600AD02487F45B0071B90E /* PBXContainerItemProxy */ = {
			isa = PBXContainerItemProxy;
			containerPortal = DD36A4A41E478C6900B2EA88 /* Project object */;
			proxyType = 1;
			remoteGlobalIDString = DD600AAF2487F1720071B90E;
			remoteInfo = ConfUIFoundation;
		};
		DDB1A28C2577EEF800995FF1 /* PBXContainerItemProxy */ = {
			isa = PBXContainerItemProxy;
			containerPortal = DD36A4A41E478C6900B2EA88 /* Project object */;
			proxyType = 1;
			remoteGlobalIDString = DDC677F11EDA76A100A4E19C;
			remoteInfo = TranscriptIndexingService;
		};
		DDF7219B1ECA12780054C503 /* PBXContainerItemProxy */ = {
			isa = PBXContainerItemProxy;
			containerPortal = DD36A4A41E478C6900B2EA88 /* Project object */;
			proxyType = 1;
			remoteGlobalIDString = DDF721951ECA12780054C503;
			remoteInfo = PlayerUI;
		};
/* End PBXContainerItemProxy section */

/* Begin PBXCopyFilesBuildPhase section */
		DD36A4E41E478D7E00B2EA88 /* Embed Frameworks */ = {
			isa = PBXCopyFilesBuildPhase;
			buildActionMask = 2147483647;
			dstPath = "";
			dstSubfolderSpec = 10;
			files = (
				9171CEFC2E5391CF0063BBA7 /* RealmSwift in Embed Frameworks */,
				DD600AB82487F1730071B90E /* ConfUIFoundation.framework in Embed Frameworks */,
				DDB1A2642577E67A00995FF1 /* ConfCore in Embed Frameworks */,
				DDF7219E1ECA12780054C503 /* PlayerUI.framework in Embed Frameworks */,
			);
			name = "Embed Frameworks";
			runOnlyForDeploymentPostprocessing = 0;
		};
		DDC678031EDA76A100A4E19C /* Embed XPC Services */ = {
			isa = PBXCopyFilesBuildPhase;
			buildActionMask = 2147483647;
			dstPath = "$(CONTENTS_FOLDER_PATH)/XPCServices";
			dstSubfolderSpec = 16;
			files = (
				DDB1A2912577EF0D00995FF1 /* TranscriptIndexingService.xpc in Embed XPC Services */,
			);
			name = "Embed XPC Services";
			runOnlyForDeploymentPostprocessing = 0;
		};
		F4B22FB4265EDEB600632C9C /* Embed Agent */ = {
			isa = PBXCopyFilesBuildPhase;
			buildActionMask = 2147483647;
			dstPath = Contents/Library/LoginItems;
			dstSubfolderSpec = 1;
			files = (
			);
			name = "Embed Agent";
			runOnlyForDeploymentPostprocessing = 0;
		};
/* End PBXCopyFilesBuildPhase section */

/* Begin PBXFileReference section */
		012BEFA31EE8658F007E72CA /* EventKit.framework */ = {isa = PBXFileReference; lastKnownFileType = wrapper.framework; name = EventKit.framework; path = System/Library/Frameworks/EventKit.framework; sourceTree = SDKROOT; };
		91037C8C2A32AF62009AF15E /* Transcripts */ = {isa = PBXFileReference; lastKnownFileType = wrapper; name = Transcripts; path = Packages/Transcripts; sourceTree = "<group>"; };
		91F377902E6F6BC9009468EC /* .swiftlint.yml */ = {isa = PBXFileReference; lastKnownFileType = text.yaml; path = .swiftlint.yml; sourceTree = "<group>"; };
		DD1879C224868E5700164AD1 /* WWDCDebug_iCloud.entitlements */ = {isa = PBXFileReference; lastKnownFileType = text.plist.entitlements; path = WWDCDebug_iCloud.entitlements; sourceTree = "<group>"; };
		DD1879C324868EF700164AD1 /* WWDCRelease_iCloud.entitlements */ = {isa = PBXFileReference; lastKnownFileType = text.plist.entitlements; path = WWDCRelease_iCloud.entitlements; sourceTree = "<group>"; };
		DD36A4AC1E478C6A00B2EA88 /* WWDC.app */ = {isa = PBXFileReference; explicitFileType = wrapper.application; includeInIndex = 0; path = WWDC.app; sourceTree = BUILT_PRODUCTS_DIR; };
		DD59106E1ECA0C2F003C32A4 /* WWDC.entitlements */ = {isa = PBXFileReference; lastKnownFileType = text.plist.entitlements; path = WWDC.entitlements; sourceTree = "<group>"; };
		DD59106F1ECA0C3B003C32A4 /* CloudKit.framework */ = {isa = PBXFileReference; lastKnownFileType = wrapper.framework; name = CloudKit.framework; path = System/Library/Frameworks/CloudKit.framework; sourceTree = SDKROOT; };
		DD600AB02487F1720071B90E /* ConfUIFoundation.framework */ = {isa = PBXFileReference; explicitFileType = wrapper.framework; includeInIndex = 0; path = ConfUIFoundation.framework; sourceTree = BUILT_PRODUCTS_DIR; };
		DDA5E4931EDCD6E7003B1780 /* WhiteSpinner.car */ = {isa = PBXFileReference; lastKnownFileType = file; name = WhiteSpinner.car; path = Design/WhiteSpinner.car; sourceTree = SOURCE_ROOT; };
		DDB1A25E2577E51E00995FF1 /* ConfCore */ = {isa = PBXFileReference; lastKnownFileType = folder; name = ConfCore; path = Packages/ConfCore; sourceTree = "<group>"; };
		DDC677F21EDA76A100A4E19C /* TranscriptIndexingService.xpc */ = {isa = PBXFileReference; explicitFileType = "wrapper.xpc-service"; includeInIndex = 0; path = TranscriptIndexingService.xpc; sourceTree = BUILT_PRODUCTS_DIR; };
		DDCE7ECF1EA7A1D300C7A3CA /* WWDC-Bridging-Header.h */ = {isa = PBXFileReference; lastKnownFileType = sourcecode.c.h; path = "WWDC-Bridging-Header.h"; sourceTree = "<group>"; };
		DDF721961ECA12780054C503 /* PlayerUI.framework */ = {isa = PBXFileReference; explicitFileType = wrapper.framework; includeInIndex = 0; path = PlayerUI.framework; sourceTree = BUILT_PRODUCTS_DIR; };
		DDF721E21ECA12FC0054C503 /* PIP.framework */ = {isa = PBXFileReference; lastKnownFileType = wrapper.framework; name = PIP.framework; path = ../../../../../System/Library/PrivateFrameworks/PIP.framework; sourceTree = "<group>"; };
		F42472B12A24D6AC00F68237 /* OpenSource.xcconfig */ = {isa = PBXFileReference; lastKnownFileType = text.xcconfig; path = OpenSource.xcconfig; sourceTree = "<group>"; };
		F4D0F0382A20162200C74B50 /* Main.xcconfig */ = {isa = PBXFileReference; lastKnownFileType = text.xcconfig; path = Main.xcconfig; sourceTree = "<group>"; };
/* End PBXFileReference section */

/* Begin PBXFileSystemSynchronizedBuildFileExceptionSet section */
		91F376632E6F6729009468EC /* PBXFileSystemSynchronizedBuildFileExceptionSet */ = {
			isa = PBXFileSystemSynchronizedBuildFileExceptionSet;
			membershipExceptions = (
				Models/WatchWWDCActivity.swift,
				SharePlayManager.swift,
			);
			target = DD36A4AB1E478C6900B2EA88 /* WWDC */;
		};
		91F376652E6F6763009468EC /* PBXFileSystemSynchronizedBuildFileExceptionSet */ = {
			isa = PBXFileSystemSynchronizedBuildFileExceptionSet;
			membershipExceptions = (
				Arguments.swift,
				ClipComposition.swift,
				ClipRenderer.swift,
				DateProvider.swift,
				DeepLink.swift,
				DTFolderMonitor.m,
				LiveObserver.swift,
				"NSImage+Thumbnail.swift",
				WWDCAppCommand.swift,
			);
			target = DD36A4AB1E478C6900B2EA88 /* WWDC */;
		};
		91F3768B2E6F67EE009468EC /* PBXFileSystemSynchronizedBuildFileExceptionSet */ = {
			isa = PBXFileSystemSynchronizedBuildFileExceptionSet;
			membershipExceptions = (
				"Combine+UI.swift",
				CombineLatestMany.swift,
				CompositionalLayoutBackgroundSwizzler.m,
				CursorShapeViewModifier.swift,
				ImageDownloadCenter.swift,
				IsSelected.swift,
				"NSImage+Compression.swift",
				PathUtil.swift,
				Preferences.swift,
				SearchField.swift,
				"Sequence+GroupedBy.swift",
				SetScrollerStyle.swift,
				ShrinkWrapTextLayout.swift,
				UIDebugger.m,
				"View+Extensions.swift",
			);
			target = DD36A4AB1E478C6900B2EA88 /* WWDC */;
		};
		91F3768D2E6F6809009468EC /* PBXFileSystemSynchronizedBuildFileExceptionSet */ = {
			isa = PBXFileSystemSynchronizedBuildFileExceptionSet;
			membershipExceptions = (
				/Localized/AboutWindowController.xib,
				/Localized/Main.storyboard,
				Assets.xcassets,
				Preferences.storyboard,
				PreviewAssets.xcassets,
				"schedule-placeholder.png",
			);
			target = DD36A4AB1E478C6900B2EA88 /* WWDC */;
		};
		91F3768F2E6F682A009468EC /* PBXFileSystemSynchronizedBuildFileExceptionSet */ = {
			isa = PBXFileSystemSynchronizedBuildFileExceptionSet;
			membershipExceptions = (
				AppCommandsReceiver.swift,
				AppCoordinator.swift,
				"AppCoordinator+Bookmarks.swift",
				"AppCoordinator+RelatedSessions.swift",
				"AppCoordinator+SessionActions.swift",
				"AppCoordinator+SessionTableViewContextMenuActions.swift",
				"AppCoordinator+Shelf.swift",
				"AppCoordinator+UserActivity.swift",
				AppDelegate.swift,
				Boot.swift,
				DownloadManager.swift,
				"DownloadManager+SupportingTypesAndExtensions.swift",
				main.m,
				WWDCAgentRemover.swift,
			);
			target = DD36A4AB1E478C6900B2EA88 /* WWDC */;
		};
		91F376912E6F686D009468EC /* PBXFileSystemSynchronizedBuildFileExceptionSet */ = {
			isa = PBXFileSystemSynchronizedBuildFileExceptionSet;
			membershipExceptions = (
				Constants.swift,
			);
			target = DD36A4AB1E478C6900B2EA88 /* WWDC */;
		};
		91F376E82E6F68AE009468EC /* PBXFileSystemSynchronizedBuildFileExceptionSet */ = {
			isa = PBXFileSystemSynchronizedBuildFileExceptionSet;
			membershipExceptions = (
				.swiftlint.yml,
				Info.plist,
			);
			publicHeaders = (
				PlayerUI.h,
			);
			target = DDF721951ECA12780054C503 /* PlayerUI */;
		};
		91F377072E6F68C4009468EC /* PBXFileSystemSynchronizedBuildFileExceptionSet */ = {
			isa = PBXFileSystemSynchronizedBuildFileExceptionSet;
			membershipExceptions = (
				Info.plist,
			);
			publicHeaders = (
				ConfUIFoundation.h,
				"Source/Headers/NSColor+Accent.h",
			);
			target = DD600AAF2487F1720071B90E /* ConfUIFoundation */;
		};
		91F3770E2E6F68C9009468EC /* PBXFileSystemSynchronizedBuildFileExceptionSet */ = {
			isa = PBXFileSystemSynchronizedBuildFileExceptionSet;
			membershipExceptions = (
				Source/main.swift,
			);
			target = DDC677F11EDA76A100A4E19C /* TranscriptIndexingService */;
		};
		91F377852E6F6AE5009468EC /* PBXFileSystemSynchronizedBuildFileExceptionSet */ = {
			isa = PBXFileSystemSynchronizedBuildFileExceptionSet;
			membershipExceptions = (
				About/AboutWindowController.swift,
				Base/MainWindowController.swift,
				Base/TitleBarViewController.swift,
				Base/WWDCTabViewController.swift,
				Base/WWDCTabViewControllerTabBar.swift,
				Base/WWDCWindowContentViewController.swift,
				Base/WWDCWindowController.swift,
				Bookmarks/BookmarkViewController.swift,
				Downloads/DownloadManagerView.swift,
				Downloads/DownloadsManagementTableCellView.swift,
				Downloads/DownloadsManagementTableRowView.swift,
				Downloads/DownloadsManagementTableView.swift,
				Downloads/DownloadsManagementViewController.swift,
				Downloads/DownloadsStatusButton.swift,
				Explore/ExploreTabProvider.swift,
				Explore/ExploreViewController.swift,
				Preferences/GeneralPreferencesViewController.swift,
				Preferences/PlaybackPreferencesViewController.swift,
				Preferences/PreferencesCoordinator.swift,
				Preferences/PreferencesWindowController.swift,
				Search/SearchCoordinator.swift,
				Search/SearchFiltersView.swift,
				Search/SearchFiltersViewController.swift,
				Sessions/Detail/SessionDetailsView.swift,
				Sessions/Detail/SessionDetailsViewController.swift,
				Sessions/Detail/SessionDetailsViewModel.swift,
				Sessions/Detail/ShelfViewController.swift,
				Sessions/Detail/Tabs/SessionTranscriptViewController.swift,
				Sessions/Detail/Tabs/SessionTranscriptWindowController.swift,
				Sessions/Detail/Tabs/Summary/RelatedSessionsViewModel.swift,
				Sessions/Detail/Tabs/Summary/SessionActionsView.swift,
				Sessions/Detail/Tabs/Summary/SessionActionsViewModel.swift,
				Sessions/Detail/Tabs/Summary/SessionSummaryViewModel.swift,
				Sessions/Detail/Tabs/TranscriptSearchController.swift,
				Sessions/EventHeroViewController.swift,
				Sessions/Playback/ClipSharingViewController.swift,
				Sessions/Playback/VideoPlayerViewController.swift,
				Sessions/Playback/VideoPlayerWindowController.swift,
				Sessions/ScheduleContainerViewController.swift,
				Sessions/SessionRowProvider.swift,
				Sessions/SessionsSplitViewController.swift,
				Sessions/SessionsTableViewController.swift,
				"Sessions/SessionsTableViewController+SupportingTypesAndExtensions.swift",
				TitleBar/SharePlayStatusView.swift,
				TitleBar/TitleBarButtonsViewController.swift,
			);
			target = DD36A4AB1E478C6900B2EA88 /* WWDC */;
		};
		91F3778C2E6F6B4A009468EC /* PBXFileSystemSynchronizedBuildFileExceptionSet */ = {
			isa = PBXFileSystemSynchronizedBuildFileExceptionSet;
			membershipExceptions = (
				ActionLabel.swift,
				"Base/NSToolbarItemViewer+Overrides.m",
				ExploreTab/Components/ExploreTabItemView.swift,
				ExploreTab/Components/LiveStreamOverlay.swift,
				ExploreTab/Components/OffsetObservingScrollView.swift,
				ExploreTab/Components/RemoteGlyph.swift,
				ExploreTab/Components/RemoteImage.swift,
				ExploreTab/Components/TitleBarBlurFadeView.swift,
				ExploreTab/Components/VideoPlayer.swift,
				ExploreTab/ExploreTabRootView.swift,
				ExploreTab/Models/ExploreTabContent.swift,
				FlippedClipView.swift,
				FullBleedImageView.swift,
				ModalLoadingView.swift,
				SessionCellView.swift,
				SessionCollectionViewItem.swift,
				ShelfView.swift,
				SlowMigrationView.swift,
				TabItemView.swift,
				TableView/SessionTableCellView.swift,
				TableView/TitleTableCellView.swift,
				TableView/TopicHeaderRow.swift,
				TableView/TranscriptTableCellView.swift,
				TableView/WWDCTableRowView.swift,
				TableView/WWDCTableView.swift,
				TrackColorView.swift,
				VibrantButton.swift,
				VisualEffectDebugger.m,
				WWDCAlert.swift,
				WWDCBottomBorderView.swift,
				WWDCHorizontalScrollView.swift,
				WWDCImageView.swift,
				WWDCLayer.swift,
				WWDCProgressIndicator.swift,
				WWDCSegmentedControl.swift,
				WWDCTextButton.swift,
				WWDCTextField.swift,
				WWDCWindow.swift,
			);
			target = DD36A4AB1E478C6900B2EA88 /* WWDC */;
		};
		91F3778F2E6F6B9A009468EC /* PBXFileSystemSynchronizedBuildFileExceptionSet */ = {
			isa = PBXFileSystemSynchronizedBuildFileExceptionSet;
			membershipExceptions = (
				DownloadViewModel.swift,
				PlaybackViewModel.swift,
				Search/FilterState.swift,
				Search/FilterType.swift,
				Search/MultipleChoiceFilter.swift,
				Search/OptionalToggleFilter.swift,
				Search/TextualFilter.swift,
				Search/ToggleFilter.swift,
				SessionRow.swift,
				SessionViewModel.swift,
				UserActivityRepresentable.swift,
			);
			target = DD36A4AB1E478C6900B2EA88 /* WWDC */;
		};
/* End PBXFileSystemSynchronizedBuildFileExceptionSet section */

/* Begin PBXFileSystemSynchronizedRootGroup section */
		91F376612E6F670F009468EC /* SharePlay */ = {isa = PBXFileSystemSynchronizedRootGroup; exceptions = (91F376632E6F6729009468EC /* PBXFileSystemSynchronizedBuildFileExceptionSet */, ); explicitFileTypes = {}; explicitFolders = (); path = SharePlay; sourceTree = "<group>"; };
		91F376642E6F6758009468EC /* Helpers */ = {isa = PBXFileSystemSynchronizedRootGroup; exceptions = (91F376652E6F6763009468EC /* PBXFileSystemSynchronizedBuildFileExceptionSet */, ); explicitFileTypes = {}; explicitFolders = (); path = Helpers; sourceTree = "<group>"; };
		91F376792E6F6776009468EC /* MediaDownload */ = {isa = PBXFileSystemSynchronizedRootGroup; explicitFileTypes = {}; explicitFolders = (); path = MediaDownload; sourceTree = "<group>"; };
		91F3768A2E6F67DF009468EC /* Util */ = {isa = PBXFileSystemSynchronizedRootGroup; exceptions = (91F3768B2E6F67EE009468EC /* PBXFileSystemSynchronizedBuildFileExceptionSet */, ); explicitFileTypes = {}; explicitFolders = (); path = Util; sourceTree = "<group>"; };
		91F3768C2E6F67FE009468EC /* Resources */ = {isa = PBXFileSystemSynchronizedRootGroup; exceptions = (91F3768D2E6F6809009468EC /* PBXFileSystemSynchronizedBuildFileExceptionSet */, ); explicitFileTypes = {}; explicitFolders = (); path = Resources; sourceTree = "<group>"; };
		91F3768E2E6F681E009468EC /* Bootstrap */ = {isa = PBXFileSystemSynchronizedRootGroup; exceptions = (91F3768F2E6F682A009468EC /* PBXFileSystemSynchronizedBuildFileExceptionSet */, ); explicitFileTypes = {}; explicitFolders = (); path = Bootstrap; sourceTree = "<group>"; };
		91F376902E6F6866009468EC /* Definitions */ = {isa = PBXFileSystemSynchronizedRootGroup; exceptions = (91F376912E6F686D009468EC /* PBXFileSystemSynchronizedBuildFileExceptionSet */, ); explicitFileTypes = {}; explicitFolders = (); path = Definitions; sourceTree = "<group>"; };
		91F376C12E6F68AE009468EC /* PlayerUI */ = {isa = PBXFileSystemSynchronizedRootGroup; exceptions = (91F376E82E6F68AE009468EC /* PBXFileSystemSynchronizedBuildFileExceptionSet */, ); explicitFileTypes = {}; explicitFolders = (); path = PlayerUI; sourceTree = "<group>"; };
		91F376FA2E6F68C4009468EC /* ConfUIFoundation */ = {isa = PBXFileSystemSynchronizedRootGroup; exceptions = (91F377072E6F68C4009468EC /* PBXFileSystemSynchronizedBuildFileExceptionSet */, ); explicitFileTypes = {}; explicitFolders = (); path = ConfUIFoundation; sourceTree = "<group>"; };
		91F3770C2E6F68C9009468EC /* TranscriptIndexingService */ = {isa = PBXFileSystemSynchronizedRootGroup; exceptions = (91F3770E2E6F68C9009468EC /* PBXFileSystemSynchronizedBuildFileExceptionSet */, ); explicitFileTypes = {}; explicitFolders = (); path = TranscriptIndexingService; sourceTree = "<group>"; };
		91F3770F2E6F68D4009468EC /* Config */ = {isa = PBXFileSystemSynchronizedRootGroup; explicitFileTypes = {}; explicitFolders = (); path = Config; sourceTree = "<group>"; };
		91F3771D2E6F6ADB009468EC /* Controllers */ = {isa = PBXFileSystemSynchronizedRootGroup; exceptions = (91F377852E6F6AE5009468EC /* PBXFileSystemSynchronizedBuildFileExceptionSet */, ); explicitFileTypes = {}; explicitFolders = (); path = Controllers; sourceTree = "<group>"; };
		91F377862E6F6B08009468EC /* Views */ = {isa = PBXFileSystemSynchronizedRootGroup; exceptions = (91F3778C2E6F6B4A009468EC /* PBXFileSystemSynchronizedBuildFileExceptionSet */, ); explicitFileTypes = {}; explicitFolders = (); path = Views; sourceTree = "<group>"; };
		91F3778D2E6F6B8C009468EC /* ViewModels */ = {isa = PBXFileSystemSynchronizedRootGroup; exceptions = (91F3778F2E6F6B9A009468EC /* PBXFileSystemSynchronizedBuildFileExceptionSet */, ); explicitFileTypes = {}; explicitFolders = (); path = ViewModels; sourceTree = "<group>"; };
/* End PBXFileSystemSynchronizedRootGroup section */

/* Begin PBXFrameworksBuildPhase section */
		DD36A4A91E478C6900B2EA88 /* Frameworks */ = {
			isa = PBXFrameworksBuildPhase;
			buildActionMask = 2147483647;
			files = (
				916C66EA2E55088000D0CAF1 /* Algorithms in Frameworks */,
				91973A9C2E538BE200C4A644 /* RealmSwift in Frameworks */,
				012BEFA41EE8658F007E72CA /* EventKit.framework in Frameworks */,
				DDF7219D1ECA12780054C503 /* PlayerUI.framework in Frameworks */,
				DDB1A2632577E67A00995FF1 /* ConfCore in Frameworks */,
				916228EE2E561B5700232DE6 /* ConcurrencyExtras in Frameworks */,
				DDB1A26A2577E7E900995FF1 /* Sparkle in Frameworks */,
				DD5910701ECA0C3B003C32A4 /* CloudKit.framework in Frameworks */,
				91C2A0BC2A4DE9B60049B6B7 /* OrderedCollections in Frameworks */,
				DD600AB72487F1730071B90E /* ConfUIFoundation.framework in Frameworks */,
			);
			runOnlyForDeploymentPostprocessing = 0;
		};
		DD600AAD2487F1720071B90E /* Frameworks */ = {
			isa = PBXFrameworksBuildPhase;
			buildActionMask = 2147483647;
			files = (
			);
			runOnlyForDeploymentPostprocessing = 0;
		};
		DDC677EF1EDA76A100A4E19C /* Frameworks */ = {
			isa = PBXFrameworksBuildPhase;
			buildActionMask = 2147483647;
			files = (
				DDB1A2982577EF1A00995FF1 /* ConfCore in Frameworks */,
			);
			runOnlyForDeploymentPostprocessing = 0;
		};
		DDF721921ECA12780054C503 /* Frameworks */ = {
			isa = PBXFrameworksBuildPhase;
			buildActionMask = 2147483647;
			files = (
				DD600ACF2487F4570071B90E /* ConfUIFoundation.framework in Frameworks */,
				DDF721E31ECA12FC0054C503 /* PIP.framework in Frameworks */,
			);
			runOnlyForDeploymentPostprocessing = 0;
		};
/* End PBXFrameworksBuildPhase section */

/* Begin PBXGroup section */
		91AE8FBF2E6F7DAE00981077 /* Recovered References */ = {
			isa = PBXGroup;
			children = (
				F42472B12A24D6AC00F68237 /* OpenSource.xcconfig */,
				F4D0F0382A20162200C74B50 /* Main.xcconfig */,
			);
			name = "Recovered References";
			sourceTree = "<group>";
		};
		DD36A4A31E478C6900B2EA88 = {
			isa = PBXGroup;
			children = (
				91F377902E6F6BC9009468EC /* .swiftlint.yml */,
				DD36A4AE1E478C6A00B2EA88 /* WWDC */,
				91F376C12E6F68AE009468EC /* PlayerUI */,
				91F3770C2E6F68C9009468EC /* TranscriptIndexingService */,
				91F376FA2E6F68C4009468EC /* ConfUIFoundation */,
				DDB1A25D2577E51200995FF1 /* LocalDependencies */,
				DD36A4AD1E478C6A00B2EA88 /* Products */,
				DDAE7C531E5BC6CD00CEA205 /* Frameworks */,
				91AE8FBF2E6F7DAE00981077 /* Recovered References */,
			);
			sourceTree = "<group>";
			wrapsLines = 0;
		};
		DD36A4AD1E478C6A00B2EA88 /* Products */ = {
			isa = PBXGroup;
			children = (
				DD36A4AC1E478C6A00B2EA88 /* WWDC.app */,
				DDF721961ECA12780054C503 /* PlayerUI.framework */,
				DDC677F21EDA76A100A4E19C /* TranscriptIndexingService.xpc */,
				DD600AB02487F1720071B90E /* ConfUIFoundation.framework */,
			);
			name = Products;
			sourceTree = "<group>";
		};
		DD36A4AE1E478C6A00B2EA88 /* WWDC */ = {
			isa = PBXGroup;
			children = (
				DD1879C224868E5700164AD1 /* WWDCDebug_iCloud.entitlements */,
				DD1879C324868EF700164AD1 /* WWDCRelease_iCloud.entitlements */,
				DDCE7ECF1EA7A1D300C7A3CA /* WWDC-Bridging-Header.h */,
				DD59106E1ECA0C2F003C32A4 /* WWDC.entitlements */,
				91F3770F2E6F68D4009468EC /* Config */,
				91F376612E6F670F009468EC /* SharePlay */,
				91F376902E6F6866009468EC /* Definitions */,
				91F376642E6F6758009468EC /* Helpers */,
				91F3768A2E6F67DF009468EC /* Util */,
				DDCE7ECE1EA7A1A600C7A3CA /* Look */,
				91F3768C2E6F67FE009468EC /* Resources */,
				91F3768E2E6F681E009468EC /* Bootstrap */,
				91F3778D2E6F6B8C009468EC /* ViewModels */,
				91F377862E6F6B08009468EC /* Views */,
				91F3771D2E6F6ADB009468EC /* Controllers */,
				91F376792E6F6776009468EC /* MediaDownload */,
			);
			path = WWDC;
			sourceTree = "<group>";
		};
		DDAE7C531E5BC6CD00CEA205 /* Frameworks */ = {
			isa = PBXGroup;
			children = (
				012BEFA31EE8658F007E72CA /* EventKit.framework */,
				DD59106F1ECA0C3B003C32A4 /* CloudKit.framework */,
				DDF721E21ECA12FC0054C503 /* PIP.framework */,
			);
			name = Frameworks;
			sourceTree = "<group>";
		};
		DDB1A25D2577E51200995FF1 /* LocalDependencies */ = {
			isa = PBXGroup;
			children = (
				91037C8C2A32AF62009AF15E /* Transcripts */,
				DDB1A25E2577E51E00995FF1 /* ConfCore */,
			);
			name = LocalDependencies;
			sourceTree = "<group>";
		};
		DDCE7ECE1EA7A1A600C7A3CA /* Look */ = {
			isa = PBXGroup;
			children = (
				DDA5E4931EDCD6E7003B1780 /* WhiteSpinner.car */,
			);
			name = Look;
			sourceTree = "<group>";
		};
/* End PBXGroup section */

/* Begin PBXHeadersBuildPhase section */
		DD600AAB2487F1720071B90E /* Headers */ = {
			isa = PBXHeadersBuildPhase;
			buildActionMask = 2147483647;
			files = (
			);
			runOnlyForDeploymentPostprocessing = 0;
		};
		DDF721931ECA12780054C503 /* Headers */ = {
			isa = PBXHeadersBuildPhase;
			buildActionMask = 2147483647;
			files = (
			);
			runOnlyForDeploymentPostprocessing = 0;
		};
/* End PBXHeadersBuildPhase section */

/* Begin PBXNativeTarget section */
		DD36A4AB1E478C6900B2EA88 /* WWDC */ = {
			isa = PBXNativeTarget;
			buildConfigurationList = DD36A4BB1E478C6A00B2EA88 /* Build configuration list for PBXNativeTarget "WWDC" */;
			buildPhases = (
				DD36A4A81E478C6900B2EA88 /* Sources */,
				DD36A4A91E478C6900B2EA88 /* Frameworks */,
				DD36A4AA1E478C6900B2EA88 /* Resources */,
				DD36A4E41E478D7E00B2EA88 /* Embed Frameworks */,
				DDC678031EDA76A100A4E19C /* Embed XPC Services */,
				F72964482015787100A7A571 /* SwiftLint Warnings */,
				F4B22FB4265EDEB600632C9C /* Embed Agent */,
			);
			buildRules = (
			);
			dependencies = (
				DDB1A28D2577EEF800995FF1 /* PBXTargetDependency */,
				DDF7219C1ECA12780054C503 /* PBXTargetDependency */,
				DD600AB62487F1730071B90E /* PBXTargetDependency */,
			);
			fileSystemSynchronizedGroups = (
				91F376792E6F6776009468EC /* MediaDownload */,
			);
			name = WWDC;
			packageProductDependencies = (
				DDB1A2622577E67A00995FF1 /* ConfCore */,
				DDB1A2692577E7E900995FF1 /* Sparkle */,
				91C2A0BB2A4DE9B60049B6B7 /* OrderedCollections */,
				91973A9B2E538BE200C4A644 /* RealmSwift */,
				916C66E92E55088000D0CAF1 /* Algorithms */,
				916228ED2E561B5700232DE6 /* ConcurrencyExtras */,
			);
			productName = WWDC;
			productReference = DD36A4AC1E478C6A00B2EA88 /* WWDC.app */;
			productType = "com.apple.product-type.application";
		};
		DD600AAF2487F1720071B90E /* ConfUIFoundation */ = {
			isa = PBXNativeTarget;
			buildConfigurationList = DD600ABD2487F1730071B90E /* Build configuration list for PBXNativeTarget "ConfUIFoundation" */;
			buildPhases = (
				DD600AAB2487F1720071B90E /* Headers */,
				DD600AAC2487F1720071B90E /* Sources */,
				DD600AAD2487F1720071B90E /* Frameworks */,
				DD600AAE2487F1720071B90E /* Resources */,
			);
			buildRules = (
			);
			dependencies = (
			);
			fileSystemSynchronizedGroups = (
				91F376FA2E6F68C4009468EC /* ConfUIFoundation */,
			);
			name = ConfUIFoundation;
			packageProductDependencies = (
			);
			productName = ConfUIFoundation;
			productReference = DD600AB02487F1720071B90E /* ConfUIFoundation.framework */;
			productType = "com.apple.product-type.framework";
		};
		DDC677F11EDA76A100A4E19C /* TranscriptIndexingService */ = {
			isa = PBXNativeTarget;
			buildConfigurationList = DDC677FE1EDA76A100A4E19C /* Build configuration list for PBXNativeTarget "TranscriptIndexingService" */;
			buildPhases = (
				DDC677EE1EDA76A100A4E19C /* Sources */,
				DDC677EF1EDA76A100A4E19C /* Frameworks */,
				DDC677F01EDA76A100A4E19C /* Resources */,
			);
			buildRules = (
			);
			dependencies = (
				DDB1A2962577EF1500995FF1 /* PBXTargetDependency */,
			);
			name = TranscriptIndexingService;
			packageProductDependencies = (
				DDB1A2972577EF1A00995FF1 /* ConfCore */,
			);
			productName = TranscriptIndexingService;
			productReference = DDC677F21EDA76A100A4E19C /* TranscriptIndexingService.xpc */;
			productType = "com.apple.product-type.xpc-service";
		};
		DDF721951ECA12780054C503 /* PlayerUI */ = {
			isa = PBXNativeTarget;
			buildConfigurationList = DDF7219F1ECA12780054C503 /* Build configuration list for PBXNativeTarget "PlayerUI" */;
			buildPhases = (
				DDF721911ECA12780054C503 /* Sources */,
				DDF721921ECA12780054C503 /* Frameworks */,
				DDF721931ECA12780054C503 /* Headers */,
				DDF721941ECA12780054C503 /* Resources */,
			);
			buildRules = (
			);
			dependencies = (
				DD600AD12487F45B0071B90E /* PBXTargetDependency */,
			);
			fileSystemSynchronizedGroups = (
				91F376C12E6F68AE009468EC /* PlayerUI */,
			);
			name = PlayerUI;
			productName = PlayerUI;
			productReference = DDF721961ECA12780054C503 /* PlayerUI.framework */;
			productType = "com.apple.product-type.framework";
		};
/* End PBXNativeTarget section */

/* Begin PBXProject section */
		DD36A4A41E478C6900B2EA88 /* Project object */ = {
			isa = PBXProject;
			attributes = {
				BuildIndependentTargetsInParallel = YES;
				LastSwiftUpdateCheck = 1250;
				LastUpgradeCheck = 1640;
				ORGANIZATIONNAME = "Guilherme Rambo";
				TargetAttributes = {
					DD36A4AB1E478C6900B2EA88 = {
						CreatedOnToolsVersion = 8.2.1;
						DevelopmentTeam = 8C7439RJLG;
						LastSwiftMigration = 1000;
						SystemCapabilities = {
							com.apple.HardenedRuntime = {
								enabled = 1;
							};
							com.apple.Push = {
								enabled = 1;
							};
							com.apple.iCloud = {
								enabled = 1;
							};
						};
					};
					DD600AAF2487F1720071B90E = {
						CreatedOnToolsVersion = 11.5;
						LastSwiftMigration = 1150;
						ProvisioningStyle = Automatic;
					};
					DDC677F11EDA76A100A4E19C = {
						CreatedOnToolsVersion = 8.3.2;
						LastSwiftMigration = 1150;
						ProvisioningStyle = Manual;
						SystemCapabilities = {
							com.apple.HardenedRuntime = {
								enabled = 1;
							};
						};
					};
					DDF721951ECA12780054C503 = {
						CreatedOnToolsVersion = 8.3.2;
						LastSwiftMigration = 1000;
						ProvisioningStyle = Manual;
					};
				};
			};
			buildConfigurationList = DD36A4A71E478C6900B2EA88 /* Build configuration list for PBXProject "WWDC" */;
			developmentRegion = en;
			hasScannedForEncodings = 0;
			knownRegions = (
				en,
				Base,
			);
			mainGroup = DD36A4A31E478C6900B2EA88;
			packageReferences = (
				DDB1A2682577E7E900995FF1 /* XCRemoteSwiftPackageReference "Sparkle" */,
				91C2A0BA2A4DE9B60049B6B7 /* XCRemoteSwiftPackageReference "swift-collections" */,
				91973A9A2E538BE200C4A644 /* XCRemoteSwiftPackageReference "realm-swift" */,
				916C66E82E55088000D0CAF1 /* XCRemoteSwiftPackageReference "swift-algorithms" */,
				916228EC2E561B5700232DE6 /* XCRemoteSwiftPackageReference "swift-concurrency-extras" */,
			);
			preferredProjectObjectVersion = 46;
			productRefGroup = DD36A4AD1E478C6A00B2EA88 /* Products */;
			projectDirPath = "";
			projectRoot = "";
			targets = (
				DD36A4AB1E478C6900B2EA88 /* WWDC */,
				DDF721951ECA12780054C503 /* PlayerUI */,
				DDC677F11EDA76A100A4E19C /* TranscriptIndexingService */,
				DD600AAF2487F1720071B90E /* ConfUIFoundation */,
			);
		};
/* End PBXProject section */

/* Begin PBXResourcesBuildPhase section */
		DD36A4AA1E478C6900B2EA88 /* Resources */ = {
			isa = PBXResourcesBuildPhase;
			buildActionMask = 2147483647;
			files = (
			);
			runOnlyForDeploymentPostprocessing = 0;
		};
		DD600AAE2487F1720071B90E /* Resources */ = {
			isa = PBXResourcesBuildPhase;
			buildActionMask = 2147483647;
			files = (
			);
			runOnlyForDeploymentPostprocessing = 0;
		};
		DDC677F01EDA76A100A4E19C /* Resources */ = {
			isa = PBXResourcesBuildPhase;
			buildActionMask = 2147483647;
			files = (
			);
			runOnlyForDeploymentPostprocessing = 0;
		};
		DDF721941ECA12780054C503 /* Resources */ = {
			isa = PBXResourcesBuildPhase;
			buildActionMask = 2147483647;
			files = (
			);
			runOnlyForDeploymentPostprocessing = 0;
		};
/* End PBXResourcesBuildPhase section */

/* Begin PBXShellScriptBuildPhase section */
		F72964482015787100A7A571 /* SwiftLint Warnings */ = {
			isa = PBXShellScriptBuildPhase;
			alwaysOutOfDate = 1;
			buildActionMask = 2147483647;
			files = (
			);
			inputPaths = (
			);
			name = "SwiftLint Warnings";
			outputPaths = (
			);
			runOnlyForDeploymentPostprocessing = 0;
			shellPath = /bin/sh;
			shellScript = "# Ensure path for HomeBrew on Apple Silicon is correctly set.\nPATH=\"$PATH:/opt/homebrew/bin/\"\n\nSWIFTLINT_MIN=\"0.24\"\n\nlessThanOrEqual() {\n    [  \"$1\" = \"`echo -e \"$1\\n$2\" | sort -V | head -n1`\" ]\n}\n\nlessThan() {\n    [ \"$1\" = \"$2\" ] && return 1 || lessThanOrEqual $1 $2\n}\n\nif command -v swiftlint >/dev/null; then\n    if lessThan `swiftlint version` $SWIFTLINT_MIN; then\n        echo \"warning: WWDC for macOS uses SwiftLint ${SWIFTLINT_MIN} or above to ensure a consistent codestyle. Please be aware that the installed version of SwiftLint may behave unexpectedly.\"\n    fi\n\n    swiftlint\nelse\n    echo \"error: SwiftLint not installed, please run 'brew install swiftlint' or download from https://github.com/realm/SwiftLint\"\n    return 1\nfi\n";
		};
/* End PBXShellScriptBuildPhase section */

/* Begin PBXSourcesBuildPhase section */
		DD36A4A81E478C6900B2EA88 /* Sources */ = {
			isa = PBXSourcesBuildPhase;
			buildActionMask = 2147483647;
			files = (
			);
			runOnlyForDeploymentPostprocessing = 0;
		};
		DD600AAC2487F1720071B90E /* Sources */ = {
			isa = PBXSourcesBuildPhase;
			buildActionMask = 2147483647;
			files = (
			);
			runOnlyForDeploymentPostprocessing = 0;
		};
		DDC677EE1EDA76A100A4E19C /* Sources */ = {
			isa = PBXSourcesBuildPhase;
			buildActionMask = 2147483647;
			files = (
			);
			runOnlyForDeploymentPostprocessing = 0;
		};
		DDF721911ECA12780054C503 /* Sources */ = {
			isa = PBXSourcesBuildPhase;
			buildActionMask = 2147483647;
			files = (
			);
			runOnlyForDeploymentPostprocessing = 0;
		};
/* End PBXSourcesBuildPhase section */

/* Begin PBXTargetDependency section */
		DD600AB62487F1730071B90E /* PBXTargetDependency */ = {
			isa = PBXTargetDependency;
			target = DD600AAF2487F1720071B90E /* ConfUIFoundation */;
			targetProxy = DD600AB52487F1730071B90E /* PBXContainerItemProxy */;
		};
		DD600AD12487F45B0071B90E /* PBXTargetDependency */ = {
			isa = PBXTargetDependency;
			target = DD600AAF2487F1720071B90E /* ConfUIFoundation */;
			targetProxy = DD600AD02487F45B0071B90E /* PBXContainerItemProxy */;
		};
		DDB1A28D2577EEF800995FF1 /* PBXTargetDependency */ = {
			isa = PBXTargetDependency;
			target = DDC677F11EDA76A100A4E19C /* TranscriptIndexingService */;
			targetProxy = DDB1A28C2577EEF800995FF1 /* PBXContainerItemProxy */;
		};
		DDB1A2962577EF1500995FF1 /* PBXTargetDependency */ = {
			isa = PBXTargetDependency;
			productRef = DDB1A2952577EF1500995FF1 /* ConfCore */;
		};
		DDF7219C1ECA12780054C503 /* PBXTargetDependency */ = {
			isa = PBXTargetDependency;
			target = DDF721951ECA12780054C503 /* PlayerUI */;
			targetProxy = DDF7219B1ECA12780054C503 /* PBXContainerItemProxy */;
		};
/* End PBXTargetDependency section */

/* Begin XCBuildConfiguration section */
		DD36A4B91E478C6A00B2EA88 /* Debug */ = {
			isa = XCBuildConfiguration;
			baseConfigurationReferenceAnchor = 91F3770F2E6F68D4009468EC /* Config */;
			baseConfigurationReferenceRelativePath = OpenSource.xcconfig;
			buildSettings = {
				ALWAYS_SEARCH_USER_PATHS = NO;
				CLANG_ANALYZER_NONNULL = YES;
				CLANG_CXX_LANGUAGE_STANDARD = "gnu++0x";
				CLANG_CXX_LIBRARY = "libc++";
				CLANG_ENABLE_MODULES = YES;
				CLANG_ENABLE_OBJC_ARC = YES;
				CLANG_WARN_BLOCK_CAPTURE_AUTORELEASING = YES;
				CLANG_WARN_BOOL_CONVERSION = YES;
				CLANG_WARN_COMMA = YES;
				CLANG_WARN_CONSTANT_CONVERSION = YES;
				CLANG_WARN_DEPRECATED_OBJC_IMPLEMENTATIONS = YES;
				CLANG_WARN_DIRECT_OBJC_ISA_USAGE = YES_ERROR;
				CLANG_WARN_DOCUMENTATION_COMMENTS = YES;
				CLANG_WARN_EMPTY_BODY = YES;
				CLANG_WARN_ENUM_CONVERSION = YES;
				CLANG_WARN_INFINITE_RECURSION = YES;
				CLANG_WARN_INT_CONVERSION = YES;
				CLANG_WARN_NON_LITERAL_NULL_CONVERSION = YES;
				CLANG_WARN_OBJC_IMPLICIT_RETAIN_SELF = YES;
				CLANG_WARN_OBJC_LITERAL_CONVERSION = YES;
				CLANG_WARN_OBJC_ROOT_CLASS = YES_ERROR;
				CLANG_WARN_QUOTED_INCLUDE_IN_FRAMEWORK_HEADER = NO;
				CLANG_WARN_RANGE_LOOP_ANALYSIS = YES;
				CLANG_WARN_STRICT_PROTOTYPES = YES;
				CLANG_WARN_SUSPICIOUS_MOVE = YES;
				CLANG_WARN_UNREACHABLE_CODE = YES;
				CLANG_WARN__DUPLICATE_METHOD_MATCH = YES;
				COPY_PHASE_STRIP = NO;
				DEAD_CODE_STRIPPING = YES;
				DEBUG_INFORMATION_FORMAT = "dwarf-with-dsym";
				DEVELOPMENT_TEAM = 72X6ZPCY5L;
				ENABLE_STRICT_OBJC_MSGSEND = YES;
				ENABLE_TESTABILITY = YES;
				GCC_C_LANGUAGE_STANDARD = gnu99;
				GCC_DYNAMIC_NO_PIC = NO;
				GCC_NO_COMMON_BLOCKS = YES;
				GCC_OPTIMIZATION_LEVEL = 0;
				GCC_PREPROCESSOR_DEFINITIONS = (
					"DEBUG=1",
					"$(inherited)",
				);
				GCC_WARN_64_TO_32_BIT_CONVERSION = YES;
				GCC_WARN_ABOUT_RETURN_TYPE = YES_ERROR;
				GCC_WARN_UNDECLARED_SELECTOR = YES;
				GCC_WARN_UNINITIALIZED_AUTOS = YES_AGGRESSIVE;
				GCC_WARN_UNUSED_FUNCTION = YES;
				GCC_WARN_UNUSED_VARIABLE = YES;
				MTL_ENABLE_DEBUG_INFO = YES;
				ONLY_ACTIVE_ARCH = YES;
				SDKROOT = macosx;
				SWIFT_ACTIVE_COMPILATION_CONDITIONS = DEBUG;
				SWIFT_OPTIMIZATION_LEVEL = "-Onone";
				SWIFT_SWIFT3_OBJC_INFERENCE = Default;
				SWIFT_VERSION = 5.0;
			};
			name = Debug;
		};
		DD36A4BA1E478C6A00B2EA88 /* Release */ = {
			isa = XCBuildConfiguration;
			baseConfigurationReferenceAnchor = 91F3770F2E6F68D4009468EC /* Config */;
			baseConfigurationReferenceRelativePath = OpenSource.xcconfig;
			buildSettings = {
				ALWAYS_SEARCH_USER_PATHS = NO;
				CLANG_ANALYZER_NONNULL = YES;
				CLANG_CXX_LANGUAGE_STANDARD = "gnu++0x";
				CLANG_CXX_LIBRARY = "libc++";
				CLANG_ENABLE_MODULES = YES;
				CLANG_ENABLE_OBJC_ARC = YES;
				CLANG_WARN_BLOCK_CAPTURE_AUTORELEASING = YES;
				CLANG_WARN_BOOL_CONVERSION = YES;
				CLANG_WARN_COMMA = YES;
				CLANG_WARN_CONSTANT_CONVERSION = YES;
				CLANG_WARN_DEPRECATED_OBJC_IMPLEMENTATIONS = YES;
				CLANG_WARN_DIRECT_OBJC_ISA_USAGE = YES_ERROR;
				CLANG_WARN_DOCUMENTATION_COMMENTS = YES;
				CLANG_WARN_EMPTY_BODY = YES;
				CLANG_WARN_ENUM_CONVERSION = YES;
				CLANG_WARN_INFINITE_RECURSION = YES;
				CLANG_WARN_INT_CONVERSION = YES;
				CLANG_WARN_NON_LITERAL_NULL_CONVERSION = YES;
				CLANG_WARN_OBJC_IMPLICIT_RETAIN_SELF = YES;
				CLANG_WARN_OBJC_LITERAL_CONVERSION = YES;
				CLANG_WARN_OBJC_ROOT_CLASS = YES_ERROR;
				CLANG_WARN_QUOTED_INCLUDE_IN_FRAMEWORK_HEADER = NO;
				CLANG_WARN_RANGE_LOOP_ANALYSIS = YES;
				CLANG_WARN_STRICT_PROTOTYPES = YES;
				CLANG_WARN_SUSPICIOUS_MOVE = YES;
				CLANG_WARN_UNREACHABLE_CODE = YES;
				CLANG_WARN__DUPLICATE_METHOD_MATCH = YES;
				COPY_PHASE_STRIP = NO;
				DEAD_CODE_STRIPPING = YES;
				DEBUG_INFORMATION_FORMAT = "dwarf-with-dsym";
				DEVELOPMENT_TEAM = 72X6ZPCY5L;
				ENABLE_NS_ASSERTIONS = NO;
				ENABLE_STRICT_OBJC_MSGSEND = YES;
				GCC_C_LANGUAGE_STANDARD = gnu99;
				GCC_NO_COMMON_BLOCKS = YES;
				GCC_WARN_64_TO_32_BIT_CONVERSION = YES;
				GCC_WARN_ABOUT_RETURN_TYPE = YES_ERROR;
				GCC_WARN_UNDECLARED_SELECTOR = YES;
				GCC_WARN_UNINITIALIZED_AUTOS = YES_AGGRESSIVE;
				GCC_WARN_UNUSED_FUNCTION = YES;
				GCC_WARN_UNUSED_VARIABLE = YES;
				MTL_ENABLE_DEBUG_INFO = NO;
				SDKROOT = macosx;
				SWIFT_COMPILATION_MODE = wholemodule;
				SWIFT_OPTIMIZATION_LEVEL = "-O";
				SWIFT_SWIFT3_OBJC_INFERENCE = Default;
				SWIFT_VERSION = 5.0;
			};
			name = Release;
		};
		DD36A4BC1E478C6A00B2EA88 /* Debug */ = {
			isa = XCBuildConfiguration;
			buildSettings = {
				ASSETCATALOG_COMPILER_APPICON_NAME = AppIcon;
				ASSETCATALOG_COMPILER_GENERATE_SWIFT_ASSET_SYMBOL_EXTENSIONS = YES;
				CLANG_ENABLE_MODULES = YES;
				CODE_SIGN_ENTITLEMENTS = WWDC/WWDC.entitlements;
				COMBINE_HIDPI_IMAGES = YES;
				DEAD_CODE_STRIPPING = YES;
				DEVELOPMENT_ASSET_PATHS = WWDC/Resources/PreviewAssets.xcassets;
				ENABLE_HARDENED_RUNTIME = YES;
				FRAMEWORK_SEARCH_PATHS = (
					"$(inherited)",
					"$(PROJECT_DIR)",
				);
				HEADER_SEARCH_PATHS = "$(inherited)";
				INFOPLIST_FILE = WWDC/Resources/Info.plist;
				LD_RUNPATH_SEARCH_PATHS = (
					"$(inherited)",
					"@executable_path/../Frameworks",
				);
				LIBRARY_SEARCH_PATHS = "$(inherited)";
				PRODUCT_BUNDLE_IDENTIFIER = "io.wwdc.app$(SAMPLE_CODE_DISAMBIGUATOR)";
				PRODUCT_NAME = "$(TARGET_NAME)";
				SWIFT_OBJC_BRIDGING_HEADER = "WWDC/WWDC-Bridging-Header.h";
				SWIFT_OPTIMIZATION_LEVEL = "-Onone";
			};
			name = Debug;
		};
		DD36A4BD1E478C6A00B2EA88 /* Release */ = {
			isa = XCBuildConfiguration;
			buildSettings = {
				ASSETCATALOG_COMPILER_APPICON_NAME = AppIcon;
				ASSETCATALOG_COMPILER_GENERATE_SWIFT_ASSET_SYMBOL_EXTENSIONS = YES;
				CLANG_ENABLE_MODULES = YES;
				CODE_SIGN_ENTITLEMENTS = WWDC/WWDC.entitlements;
				COMBINE_HIDPI_IMAGES = YES;
				COPY_PHASE_STRIP = YES;
				DEAD_CODE_STRIPPING = YES;
				DEVELOPMENT_ASSET_PATHS = WWDC/Resources/PreviewAssets.xcassets;
				ENABLE_HARDENED_RUNTIME = YES;
				FRAMEWORK_SEARCH_PATHS = (
					"$(inherited)",
					"$(PROJECT_DIR)",
				);
				HEADER_SEARCH_PATHS = "$(inherited)";
				INFOPLIST_FILE = WWDC/Resources/Info.plist;
				LD_RUNPATH_SEARCH_PATHS = (
					"$(inherited)",
					"@executable_path/../Frameworks",
				);
				LIBRARY_SEARCH_PATHS = "$(inherited)";
				PRODUCT_BUNDLE_IDENTIFIER = "io.wwdc.app$(SAMPLE_CODE_DISAMBIGUATOR)";
				PRODUCT_NAME = "$(TARGET_NAME)";
				SWIFT_OBJC_BRIDGING_HEADER = "WWDC/WWDC-Bridging-Header.h";
			};
			name = Release;
		};
		DD5910641ECA0C17003C32A4 /* Debug_iCloud */ = {
			isa = XCBuildConfiguration;
			baseConfigurationReferenceAnchor = 91F3770F2E6F68D4009468EC /* Config */;
			baseConfigurationReferenceRelativePath = Main.xcconfig;
			buildSettings = {
				ALWAYS_SEARCH_USER_PATHS = NO;
				CLANG_ANALYZER_NONNULL = YES;
				CLANG_CXX_LANGUAGE_STANDARD = "gnu++0x";
				CLANG_CXX_LIBRARY = "libc++";
				CLANG_ENABLE_MODULES = YES;
				CLANG_ENABLE_OBJC_ARC = YES;
				CLANG_WARN_BLOCK_CAPTURE_AUTORELEASING = YES;
				CLANG_WARN_BOOL_CONVERSION = YES;
				CLANG_WARN_COMMA = YES;
				CLANG_WARN_CONSTANT_CONVERSION = YES;
				CLANG_WARN_DEPRECATED_OBJC_IMPLEMENTATIONS = YES;
				CLANG_WARN_DIRECT_OBJC_ISA_USAGE = YES_ERROR;
				CLANG_WARN_DOCUMENTATION_COMMENTS = YES;
				CLANG_WARN_EMPTY_BODY = YES;
				CLANG_WARN_ENUM_CONVERSION = YES;
				CLANG_WARN_INFINITE_RECURSION = YES;
				CLANG_WARN_INT_CONVERSION = YES;
				CLANG_WARN_NON_LITERAL_NULL_CONVERSION = YES;
				CLANG_WARN_OBJC_IMPLICIT_RETAIN_SELF = YES;
				CLANG_WARN_OBJC_LITERAL_CONVERSION = YES;
				CLANG_WARN_OBJC_ROOT_CLASS = YES_ERROR;
				CLANG_WARN_QUOTED_INCLUDE_IN_FRAMEWORK_HEADER = NO;
				CLANG_WARN_RANGE_LOOP_ANALYSIS = YES;
				CLANG_WARN_STRICT_PROTOTYPES = YES;
				CLANG_WARN_SUSPICIOUS_MOVE = YES;
				CLANG_WARN_UNREACHABLE_CODE = YES;
				CLANG_WARN__DUPLICATE_METHOD_MATCH = YES;
				COPY_PHASE_STRIP = NO;
				DEAD_CODE_STRIPPING = YES;
				DEBUG_INFORMATION_FORMAT = "dwarf-with-dsym";
				DEVELOPMENT_TEAM = 72X6ZPCY5L;
				ENABLE_STRICT_OBJC_MSGSEND = YES;
				ENABLE_TESTABILITY = YES;
				GCC_C_LANGUAGE_STANDARD = gnu99;
				GCC_DYNAMIC_NO_PIC = NO;
				GCC_NO_COMMON_BLOCKS = YES;
				GCC_OPTIMIZATION_LEVEL = 0;
				GCC_PREPROCESSOR_DEFINITIONS = (
					"DEBUG=1",
					"$(inherited)",
				);
				GCC_WARN_64_TO_32_BIT_CONVERSION = YES;
				GCC_WARN_ABOUT_RETURN_TYPE = YES_ERROR;
				GCC_WARN_UNDECLARED_SELECTOR = YES;
				GCC_WARN_UNINITIALIZED_AUTOS = YES_AGGRESSIVE;
				GCC_WARN_UNUSED_FUNCTION = YES;
				GCC_WARN_UNUSED_VARIABLE = YES;
				MTL_ENABLE_DEBUG_INFO = YES;
				ONLY_ACTIVE_ARCH = YES;
				OTHER_SWIFT_FLAGS = "-D ICLOUD -D DEBUG";
				SDKROOT = macosx;
				SWIFT_ACTIVE_COMPILATION_CONDITIONS = DEBUG;
				SWIFT_OPTIMIZATION_LEVEL = "-Onone";
				SWIFT_SWIFT3_OBJC_INFERENCE = Default;
				SWIFT_VERSION = 5.0;
			};
			name = Debug_iCloud;
		};
		DD5910651ECA0C17003C32A4 /* Debug_iCloud */ = {
			isa = XCBuildConfiguration;
			buildSettings = {
				ASSETCATALOG_COMPILER_APPICON_NAME = AppIcon;
				ASSETCATALOG_COMPILER_GENERATE_SWIFT_ASSET_SYMBOL_EXTENSIONS = YES;
				CLANG_ENABLE_MODULES = YES;
				CODE_SIGN_ENTITLEMENTS = WWDC/WWDCDebug_iCloud.entitlements;
				COMBINE_HIDPI_IMAGES = YES;
				DEAD_CODE_STRIPPING = YES;
				DEVELOPMENT_ASSET_PATHS = WWDC/Resources/PreviewAssets.xcassets;
				ENABLE_HARDENED_RUNTIME = YES;
				FRAMEWORK_SEARCH_PATHS = (
					"$(inherited)",
					"$(PROJECT_DIR)",
				);
				HEADER_SEARCH_PATHS = "$(inherited)";
				INFOPLIST_FILE = WWDC/Resources/Info.plist;
				LD_RUNPATH_SEARCH_PATHS = (
					"$(inherited)",
					"@executable_path/../Frameworks",
				);
				LIBRARY_SEARCH_PATHS = "$(inherited)";
				PRODUCT_BUNDLE_IDENTIFIER = "io.wwdc.app$(SAMPLE_CODE_DISAMBIGUATOR)";
				PRODUCT_NAME = "$(TARGET_NAME)";
				PROVISIONING_PROFILE_SPECIFIER = "";
				SWIFT_OBJC_BRIDGING_HEADER = "WWDC/WWDC-Bridging-Header.h";
				SWIFT_OPTIMIZATION_LEVEL = "-Onone";
			};
			name = Debug_iCloud;
		};
		DD5910691ECA0C20003C32A4 /* Release_iCloud */ = {
			isa = XCBuildConfiguration;
			baseConfigurationReferenceAnchor = 91F3770F2E6F68D4009468EC /* Config */;
			baseConfigurationReferenceRelativePath = Main.xcconfig;
			buildSettings = {
				ALWAYS_SEARCH_USER_PATHS = NO;
				CLANG_ANALYZER_NONNULL = YES;
				CLANG_CXX_LANGUAGE_STANDARD = "gnu++0x";
				CLANG_CXX_LIBRARY = "libc++";
				CLANG_ENABLE_MODULES = YES;
				CLANG_ENABLE_OBJC_ARC = YES;
				CLANG_WARN_BLOCK_CAPTURE_AUTORELEASING = YES;
				CLANG_WARN_BOOL_CONVERSION = YES;
				CLANG_WARN_COMMA = YES;
				CLANG_WARN_CONSTANT_CONVERSION = YES;
				CLANG_WARN_DEPRECATED_OBJC_IMPLEMENTATIONS = YES;
				CLANG_WARN_DIRECT_OBJC_ISA_USAGE = YES_ERROR;
				CLANG_WARN_DOCUMENTATION_COMMENTS = YES;
				CLANG_WARN_EMPTY_BODY = YES;
				CLANG_WARN_ENUM_CONVERSION = YES;
				CLANG_WARN_INFINITE_RECURSION = YES;
				CLANG_WARN_INT_CONVERSION = YES;
				CLANG_WARN_NON_LITERAL_NULL_CONVERSION = YES;
				CLANG_WARN_OBJC_IMPLICIT_RETAIN_SELF = YES;
				CLANG_WARN_OBJC_LITERAL_CONVERSION = YES;
				CLANG_WARN_OBJC_ROOT_CLASS = YES_ERROR;
				CLANG_WARN_QUOTED_INCLUDE_IN_FRAMEWORK_HEADER = NO;
				CLANG_WARN_RANGE_LOOP_ANALYSIS = YES;
				CLANG_WARN_STRICT_PROTOTYPES = YES;
				CLANG_WARN_SUSPICIOUS_MOVE = YES;
				CLANG_WARN_UNREACHABLE_CODE = YES;
				CLANG_WARN__DUPLICATE_METHOD_MATCH = YES;
				COPY_PHASE_STRIP = NO;
				DEAD_CODE_STRIPPING = YES;
				DEBUG_INFORMATION_FORMAT = "dwarf-with-dsym";
				DEVELOPMENT_TEAM = 72X6ZPCY5L;
				ENABLE_NS_ASSERTIONS = NO;
				ENABLE_STRICT_OBJC_MSGSEND = YES;
				GCC_C_LANGUAGE_STANDARD = gnu99;
				GCC_NO_COMMON_BLOCKS = YES;
				GCC_WARN_64_TO_32_BIT_CONVERSION = YES;
				GCC_WARN_ABOUT_RETURN_TYPE = YES_ERROR;
				GCC_WARN_UNDECLARED_SELECTOR = YES;
				GCC_WARN_UNINITIALIZED_AUTOS = YES_AGGRESSIVE;
				GCC_WARN_UNUSED_FUNCTION = YES;
				GCC_WARN_UNUSED_VARIABLE = YES;
				MTL_ENABLE_DEBUG_INFO = NO;
				OTHER_SWIFT_FLAGS = "-D ICLOUD";
				SDKROOT = macosx;
				SWIFT_COMPILATION_MODE = wholemodule;
				SWIFT_OPTIMIZATION_LEVEL = "-O";
				SWIFT_SWIFT3_OBJC_INFERENCE = Default;
				SWIFT_VERSION = 5.0;
			};
			name = Release_iCloud;
		};
		DD59106A1ECA0C20003C32A4 /* Release_iCloud */ = {
			isa = XCBuildConfiguration;
			buildSettings = {
				ASSETCATALOG_COMPILER_APPICON_NAME = AppIcon;
				ASSETCATALOG_COMPILER_GENERATE_SWIFT_ASSET_SYMBOL_EXTENSIONS = YES;
				CLANG_ENABLE_MODULES = YES;
				CODE_SIGN_ENTITLEMENTS = WWDC/WWDCRelease_iCloud.entitlements;
				COMBINE_HIDPI_IMAGES = YES;
				COPY_PHASE_STRIP = YES;
				DEAD_CODE_STRIPPING = YES;
				DEVELOPMENT_ASSET_PATHS = WWDC/Resources/PreviewAssets.xcassets;
				ENABLE_HARDENED_RUNTIME = YES;
				FRAMEWORK_SEARCH_PATHS = (
					"$(inherited)",
					"$(PROJECT_DIR)",
				);
				HEADER_SEARCH_PATHS = "$(inherited)";
				INFOPLIST_FILE = WWDC/Resources/Info.plist;
				LD_RUNPATH_SEARCH_PATHS = (
					"$(inherited)",
					"@executable_path/../Frameworks",
				);
				LIBRARY_SEARCH_PATHS = "$(inherited)";
				PRODUCT_BUNDLE_IDENTIFIER = "io.wwdc.app$(SAMPLE_CODE_DISAMBIGUATOR)";
				PRODUCT_NAME = "$(TARGET_NAME)";
				PROVISIONING_PROFILE_SPECIFIER = "";
				SWIFT_OBJC_BRIDGING_HEADER = "WWDC/WWDC-Bridging-Header.h";
			};
			name = Release_iCloud;
		};
		DD600AB92487F1730071B90E /* Debug */ = {
			isa = XCBuildConfiguration;
			buildSettings = {
				CLANG_ANALYZER_NUMBER_OBJECT_CONVERSION = YES_AGGRESSIVE;
				CLANG_CXX_LANGUAGE_STANDARD = "gnu++14";
				CLANG_ENABLE_MODULES = YES;
				CLANG_ENABLE_OBJC_WEAK = YES;
				CODE_SIGN_IDENTITY = "";
				CODE_SIGN_STYLE = Automatic;
				COMBINE_HIDPI_IMAGES = YES;
				DEAD_CODE_STRIPPING = YES;
				DEFINES_MODULE = YES;
				DYLIB_COMPATIBILITY_VERSION = 1;
				DYLIB_CURRENT_VERSION = 1027;
				DYLIB_INSTALL_NAME_BASE = "@rpath";
				GCC_C_LANGUAGE_STANDARD = gnu11;
				INFOPLIST_FILE = ConfUIFoundation/Info.plist;
				INSTALL_PATH = "$(LOCAL_LIBRARY_DIR)/Frameworks";
				LD_RUNPATH_SEARCH_PATHS = (
					"$(inherited)",
					"@executable_path/../Frameworks",
					"@loader_path/Frameworks",
				);
				MODULE_VERIFIER_SUPPORTED_LANGUAGES = "objective-c objective-c++";
				MODULE_VERIFIER_SUPPORTED_LANGUAGE_STANDARDS = "gnu11 gnu++14";
				MTL_ENABLE_DEBUG_INFO = INCLUDE_SOURCE;
				MTL_FAST_MATH = YES;
				PRODUCT_BUNDLE_IDENTIFIER = codes.rambo.ConfUIFoundation;
				PRODUCT_NAME = "$(TARGET_NAME:c99extidentifier)";
				PROVISIONING_PROFILE_SPECIFIER = "";
				SKIP_INSTALL = YES;
				SWIFT_OPTIMIZATION_LEVEL = "-Onone";
				SWIFT_VERSION = 5.0;
			};
			name = Debug;
		};
		DD600ABA2487F1730071B90E /* Debug_iCloud */ = {
			isa = XCBuildConfiguration;
			buildSettings = {
				CLANG_ANALYZER_NUMBER_OBJECT_CONVERSION = YES_AGGRESSIVE;
				CLANG_CXX_LANGUAGE_STANDARD = "gnu++14";
				CLANG_ENABLE_MODULES = YES;
				CLANG_ENABLE_OBJC_WEAK = YES;
				CODE_SIGN_IDENTITY = "";
				CODE_SIGN_STYLE = Automatic;
				COMBINE_HIDPI_IMAGES = YES;
				DEAD_CODE_STRIPPING = YES;
				DEFINES_MODULE = YES;
				DYLIB_COMPATIBILITY_VERSION = 1;
				DYLIB_CURRENT_VERSION = 1027;
				DYLIB_INSTALL_NAME_BASE = "@rpath";
				GCC_C_LANGUAGE_STANDARD = gnu11;
				INFOPLIST_FILE = ConfUIFoundation/Info.plist;
				INSTALL_PATH = "$(LOCAL_LIBRARY_DIR)/Frameworks";
				LD_RUNPATH_SEARCH_PATHS = (
					"$(inherited)",
					"@executable_path/../Frameworks",
					"@loader_path/Frameworks",
				);
				MODULE_VERIFIER_SUPPORTED_LANGUAGES = "objective-c objective-c++";
				MODULE_VERIFIER_SUPPORTED_LANGUAGE_STANDARDS = "gnu11 gnu++14";
				MTL_ENABLE_DEBUG_INFO = INCLUDE_SOURCE;
				MTL_FAST_MATH = YES;
				PRODUCT_BUNDLE_IDENTIFIER = codes.rambo.ConfUIFoundation;
				PRODUCT_NAME = "$(TARGET_NAME:c99extidentifier)";
				PROVISIONING_PROFILE_SPECIFIER = "";
				SKIP_INSTALL = YES;
				SWIFT_OPTIMIZATION_LEVEL = "-Onone";
				SWIFT_VERSION = 5.0;
			};
			name = Debug_iCloud;
		};
		DD600ABB2487F1730071B90E /* Release */ = {
			isa = XCBuildConfiguration;
			buildSettings = {
				CLANG_ANALYZER_NUMBER_OBJECT_CONVERSION = YES_AGGRESSIVE;
				CLANG_CXX_LANGUAGE_STANDARD = "gnu++14";
				CLANG_ENABLE_MODULES = YES;
				CLANG_ENABLE_OBJC_WEAK = YES;
				CODE_SIGN_IDENTITY = "";
				CODE_SIGN_STYLE = Automatic;
				COMBINE_HIDPI_IMAGES = YES;
				DEAD_CODE_STRIPPING = YES;
				DEFINES_MODULE = YES;
				DYLIB_COMPATIBILITY_VERSION = 1;
				DYLIB_CURRENT_VERSION = 1027;
				DYLIB_INSTALL_NAME_BASE = "@rpath";
				GCC_C_LANGUAGE_STANDARD = gnu11;
				INFOPLIST_FILE = ConfUIFoundation/Info.plist;
				INSTALL_PATH = "$(LOCAL_LIBRARY_DIR)/Frameworks";
				LD_RUNPATH_SEARCH_PATHS = (
					"$(inherited)",
					"@executable_path/../Frameworks",
					"@loader_path/Frameworks",
				);
				MODULE_VERIFIER_SUPPORTED_LANGUAGES = "objective-c objective-c++";
				MODULE_VERIFIER_SUPPORTED_LANGUAGE_STANDARDS = "gnu11 gnu++14";
				MTL_FAST_MATH = YES;
				PRODUCT_BUNDLE_IDENTIFIER = codes.rambo.ConfUIFoundation;
				PRODUCT_NAME = "$(TARGET_NAME:c99extidentifier)";
				PROVISIONING_PROFILE_SPECIFIER = "";
				SKIP_INSTALL = YES;
				SWIFT_VERSION = 5.0;
			};
			name = Release;
		};
		DD600ABC2487F1730071B90E /* Release_iCloud */ = {
			isa = XCBuildConfiguration;
			buildSettings = {
				CLANG_ANALYZER_NUMBER_OBJECT_CONVERSION = YES_AGGRESSIVE;
				CLANG_CXX_LANGUAGE_STANDARD = "gnu++14";
				CLANG_ENABLE_MODULES = YES;
				CLANG_ENABLE_OBJC_WEAK = YES;
				CODE_SIGN_IDENTITY = "";
				CODE_SIGN_STYLE = Automatic;
				COMBINE_HIDPI_IMAGES = YES;
				DEAD_CODE_STRIPPING = YES;
				DEFINES_MODULE = YES;
				DYLIB_COMPATIBILITY_VERSION = 1;
				DYLIB_CURRENT_VERSION = 1027;
				DYLIB_INSTALL_NAME_BASE = "@rpath";
				GCC_C_LANGUAGE_STANDARD = gnu11;
				INFOPLIST_FILE = ConfUIFoundation/Info.plist;
				INSTALL_PATH = "$(LOCAL_LIBRARY_DIR)/Frameworks";
				LD_RUNPATH_SEARCH_PATHS = (
					"$(inherited)",
					"@executable_path/../Frameworks",
					"@loader_path/Frameworks",
				);
				MODULE_VERIFIER_SUPPORTED_LANGUAGES = "objective-c objective-c++";
				MODULE_VERIFIER_SUPPORTED_LANGUAGE_STANDARDS = "gnu11 gnu++14";
				MTL_FAST_MATH = YES;
				PRODUCT_BUNDLE_IDENTIFIER = codes.rambo.ConfUIFoundation;
				PRODUCT_NAME = "$(TARGET_NAME:c99extidentifier)";
				PROVISIONING_PROFILE_SPECIFIER = "";
				SKIP_INSTALL = YES;
				SWIFT_VERSION = 5.0;
			};
			name = Release_iCloud;
		};
		DDC677FF1EDA76A100A4E19C /* Debug */ = {
			isa = XCBuildConfiguration;
			buildSettings = {
				CLANG_ANALYZER_NUMBER_OBJECT_CONVERSION = YES_AGGRESSIVE;
				CLANG_ENABLE_MODULES = YES;
				COMBINE_HIDPI_IMAGES = YES;
				DEAD_CODE_STRIPPING = YES;
				ENABLE_HARDENED_RUNTIME = YES;
				FRAMEWORK_SEARCH_PATHS = "$(inherited)";
				INFOPLIST_FILE = TranscriptIndexingService/Info.plist;
				LD_RUNPATH_SEARCH_PATHS = (
					"$(inherited)",
					"@executable_path/../Frameworks",
					"@loader_path/../Frameworks",
					"@loader_path/../../../../Frameworks",
				);
				PRODUCT_BUNDLE_IDENTIFIER = io.wwdc.app.TranscriptIndexingService;
				PRODUCT_NAME = "$(TARGET_NAME)";
				PROVISIONING_PROFILE_SPECIFIER = "";
				SKIP_INSTALL = YES;
				SWIFT_OPTIMIZATION_LEVEL = "-Onone";
				SWIFT_VERSION = 5.0;
			};
			name = Debug;
		};
		DDC678001EDA76A100A4E19C /* Debug_iCloud */ = {
			isa = XCBuildConfiguration;
			buildSettings = {
				CLANG_ANALYZER_NUMBER_OBJECT_CONVERSION = YES_AGGRESSIVE;
				CLANG_ENABLE_MODULES = YES;
				COMBINE_HIDPI_IMAGES = YES;
				DEAD_CODE_STRIPPING = YES;
				ENABLE_HARDENED_RUNTIME = YES;
				FRAMEWORK_SEARCH_PATHS = "$(inherited)";
				INFOPLIST_FILE = TranscriptIndexingService/Info.plist;
				LD_RUNPATH_SEARCH_PATHS = (
					"$(inherited)",
					"@executable_path/../Frameworks",
					"@loader_path/../Frameworks",
					"@loader_path/../../../../Frameworks",
				);
				PRODUCT_BUNDLE_IDENTIFIER = io.wwdc.app.TranscriptIndexingService;
				PRODUCT_NAME = "$(TARGET_NAME)";
				PROVISIONING_PROFILE_SPECIFIER = "";
				SKIP_INSTALL = YES;
				SWIFT_OPTIMIZATION_LEVEL = "-Onone";
				SWIFT_VERSION = 5.0;
			};
			name = Debug_iCloud;
		};
		DDC678011EDA76A100A4E19C /* Release */ = {
			isa = XCBuildConfiguration;
			buildSettings = {
				CLANG_ANALYZER_NUMBER_OBJECT_CONVERSION = YES_AGGRESSIVE;
				CLANG_ENABLE_MODULES = YES;
				COMBINE_HIDPI_IMAGES = YES;
				DEAD_CODE_STRIPPING = YES;
				ENABLE_HARDENED_RUNTIME = YES;
				FRAMEWORK_SEARCH_PATHS = "$(inherited)";
				INFOPLIST_FILE = TranscriptIndexingService/Info.plist;
				LD_RUNPATH_SEARCH_PATHS = (
					"$(inherited)",
					"@executable_path/../Frameworks",
					"@loader_path/../Frameworks",
					"@loader_path/../../../../Frameworks",
				);
				PRODUCT_BUNDLE_IDENTIFIER = io.wwdc.app.TranscriptIndexingService;
				PRODUCT_NAME = "$(TARGET_NAME)";
				PROVISIONING_PROFILE_SPECIFIER = "";
				SKIP_INSTALL = YES;
				SWIFT_VERSION = 5.0;
			};
			name = Release;
		};
		DDC678021EDA76A100A4E19C /* Release_iCloud */ = {
			isa = XCBuildConfiguration;
			buildSettings = {
				CLANG_ANALYZER_NUMBER_OBJECT_CONVERSION = YES_AGGRESSIVE;
				CLANG_ENABLE_MODULES = YES;
				COMBINE_HIDPI_IMAGES = YES;
				DEAD_CODE_STRIPPING = YES;
				ENABLE_HARDENED_RUNTIME = YES;
				FRAMEWORK_SEARCH_PATHS = "$(inherited)";
				INFOPLIST_FILE = TranscriptIndexingService/Info.plist;
				LD_RUNPATH_SEARCH_PATHS = (
					"$(inherited)",
					"@executable_path/../Frameworks",
					"@loader_path/../Frameworks",
					"@loader_path/../../../../Frameworks",
				);
				PRODUCT_BUNDLE_IDENTIFIER = io.wwdc.app.TranscriptIndexingService;
				PRODUCT_NAME = "$(TARGET_NAME)";
				PROVISIONING_PROFILE_SPECIFIER = "";
				SKIP_INSTALL = YES;
				SWIFT_VERSION = 5.0;
			};
			name = Release_iCloud;
		};
		DDF721A01ECA12780054C503 /* Debug */ = {
			isa = XCBuildConfiguration;
			buildSettings = {
				CLANG_ANALYZER_NUMBER_OBJECT_CONVERSION = YES_AGGRESSIVE;
				CODE_SIGN_IDENTITY = "";
				COMBINE_HIDPI_IMAGES = YES;
				DEAD_CODE_STRIPPING = YES;
				DEFINES_MODULE = YES;
				DYLIB_COMPATIBILITY_VERSION = 1;
				DYLIB_CURRENT_VERSION = 1027;
				DYLIB_INSTALL_NAME_BASE = "@rpath";
				FRAMEWORK_SEARCH_PATHS = (
					"$(inherited)",
					"$(SYSTEM_LIBRARY_DIR)/PrivateFrameworks",
				);
				FRAMEWORK_VERSION = A;
				INFOPLIST_FILE = PlayerUI/Info.plist;
				INSTALL_PATH = "$(LOCAL_LIBRARY_DIR)/Frameworks";
				LD_RUNPATH_SEARCH_PATHS = (
					"$(inherited)",
					"@executable_path/../Frameworks",
					"@loader_path/Frameworks",
				);
				MODULE_VERIFIER_SUPPORTED_LANGUAGES = "objective-c objective-c++";
				MODULE_VERIFIER_SUPPORTED_LANGUAGE_STANDARDS = "gnu99 gnu++11";
				PRODUCT_BUNDLE_IDENTIFIER = io.wwdc.lib.PlayerUI;
				PRODUCT_NAME = "$(TARGET_NAME)";
				PROVISIONING_PROFILE_SPECIFIER = "";
				SKIP_INSTALL = YES;
			};
			name = Debug;
		};
		DDF721A11ECA12780054C503 /* Debug_iCloud */ = {
			isa = XCBuildConfiguration;
			buildSettings = {
				CLANG_ANALYZER_NUMBER_OBJECT_CONVERSION = YES_AGGRESSIVE;
				CODE_SIGN_IDENTITY = "";
				COMBINE_HIDPI_IMAGES = YES;
				DEAD_CODE_STRIPPING = YES;
				DEFINES_MODULE = YES;
				DYLIB_COMPATIBILITY_VERSION = 1;
				DYLIB_CURRENT_VERSION = 1027;
				DYLIB_INSTALL_NAME_BASE = "@rpath";
				FRAMEWORK_SEARCH_PATHS = (
					"$(inherited)",
					"$(SYSTEM_LIBRARY_DIR)/PrivateFrameworks",
				);
				FRAMEWORK_VERSION = A;
				INFOPLIST_FILE = PlayerUI/Info.plist;
				INSTALL_PATH = "$(LOCAL_LIBRARY_DIR)/Frameworks";
				LD_RUNPATH_SEARCH_PATHS = (
					"$(inherited)",
					"@executable_path/../Frameworks",
					"@loader_path/Frameworks",
				);
				MODULE_VERIFIER_SUPPORTED_LANGUAGES = "objective-c objective-c++";
				MODULE_VERIFIER_SUPPORTED_LANGUAGE_STANDARDS = "gnu99 gnu++11";
				PRODUCT_BUNDLE_IDENTIFIER = io.wwdc.lib.PlayerUI;
				PRODUCT_NAME = "$(TARGET_NAME)";
				PROVISIONING_PROFILE_SPECIFIER = "";
				SKIP_INSTALL = YES;
			};
			name = Debug_iCloud;
		};
		DDF721A21ECA12780054C503 /* Release */ = {
			isa = XCBuildConfiguration;
			buildSettings = {
				CLANG_ANALYZER_NUMBER_OBJECT_CONVERSION = YES_AGGRESSIVE;
				CODE_SIGN_IDENTITY = "";
				COMBINE_HIDPI_IMAGES = YES;
				DEAD_CODE_STRIPPING = YES;
				DEFINES_MODULE = YES;
				DYLIB_COMPATIBILITY_VERSION = 1;
				DYLIB_CURRENT_VERSION = 1027;
				DYLIB_INSTALL_NAME_BASE = "@rpath";
				FRAMEWORK_SEARCH_PATHS = (
					"$(inherited)",
					"$(SYSTEM_LIBRARY_DIR)/PrivateFrameworks",
				);
				FRAMEWORK_VERSION = A;
				INFOPLIST_FILE = PlayerUI/Info.plist;
				INSTALL_PATH = "$(LOCAL_LIBRARY_DIR)/Frameworks";
				LD_RUNPATH_SEARCH_PATHS = (
					"$(inherited)",
					"@executable_path/../Frameworks",
					"@loader_path/Frameworks",
				);
				MODULE_VERIFIER_SUPPORTED_LANGUAGES = "objective-c objective-c++";
				MODULE_VERIFIER_SUPPORTED_LANGUAGE_STANDARDS = "gnu99 gnu++11";
				PRODUCT_BUNDLE_IDENTIFIER = io.wwdc.lib.PlayerUI;
				PRODUCT_NAME = "$(TARGET_NAME)";
				PROVISIONING_PROFILE_SPECIFIER = "";
				SKIP_INSTALL = YES;
			};
			name = Release;
		};
		DDF721A31ECA12780054C503 /* Release_iCloud */ = {
			isa = XCBuildConfiguration;
			buildSettings = {
				CLANG_ANALYZER_NUMBER_OBJECT_CONVERSION = YES_AGGRESSIVE;
				CODE_SIGN_IDENTITY = "";
				COMBINE_HIDPI_IMAGES = YES;
				DEAD_CODE_STRIPPING = YES;
				DEFINES_MODULE = YES;
				DYLIB_COMPATIBILITY_VERSION = 1;
				DYLIB_CURRENT_VERSION = 1027;
				DYLIB_INSTALL_NAME_BASE = "@rpath";
				FRAMEWORK_SEARCH_PATHS = (
					"$(inherited)",
					"$(SYSTEM_LIBRARY_DIR)/PrivateFrameworks",
				);
				FRAMEWORK_VERSION = A;
				INFOPLIST_FILE = PlayerUI/Info.plist;
				INSTALL_PATH = "$(LOCAL_LIBRARY_DIR)/Frameworks";
				LD_RUNPATH_SEARCH_PATHS = (
					"$(inherited)",
					"@executable_path/../Frameworks",
					"@loader_path/Frameworks",
				);
				MODULE_VERIFIER_SUPPORTED_LANGUAGES = "objective-c objective-c++";
				MODULE_VERIFIER_SUPPORTED_LANGUAGE_STANDARDS = "gnu99 gnu++11";
				PRODUCT_BUNDLE_IDENTIFIER = io.wwdc.lib.PlayerUI;
				PRODUCT_NAME = "$(TARGET_NAME)";
				PROVISIONING_PROFILE_SPECIFIER = "";
				SKIP_INSTALL = YES;
			};
			name = Release_iCloud;
		};
/* End XCBuildConfiguration section */

/* Begin XCConfigurationList section */
		DD36A4A71E478C6900B2EA88 /* Build configuration list for PBXProject "WWDC" */ = {
			isa = XCConfigurationList;
			buildConfigurations = (
				DD36A4B91E478C6A00B2EA88 /* Debug */,
				DD5910641ECA0C17003C32A4 /* Debug_iCloud */,
				DD36A4BA1E478C6A00B2EA88 /* Release */,
				DD5910691ECA0C20003C32A4 /* Release_iCloud */,
			);
			defaultConfigurationIsVisible = 0;
			defaultConfigurationName = Release;
		};
		DD36A4BB1E478C6A00B2EA88 /* Build configuration list for PBXNativeTarget "WWDC" */ = {
			isa = XCConfigurationList;
			buildConfigurations = (
				DD36A4BC1E478C6A00B2EA88 /* Debug */,
				DD5910651ECA0C17003C32A4 /* Debug_iCloud */,
				DD36A4BD1E478C6A00B2EA88 /* Release */,
				DD59106A1ECA0C20003C32A4 /* Release_iCloud */,
			);
			defaultConfigurationIsVisible = 0;
			defaultConfigurationName = Release;
		};
		DD600ABD2487F1730071B90E /* Build configuration list for PBXNativeTarget "ConfUIFoundation" */ = {
			isa = XCConfigurationList;
			buildConfigurations = (
				DD600AB92487F1730071B90E /* Debug */,
				DD600ABA2487F1730071B90E /* Debug_iCloud */,
				DD600ABB2487F1730071B90E /* Release */,
				DD600ABC2487F1730071B90E /* Release_iCloud */,
			);
			defaultConfigurationIsVisible = 0;
			defaultConfigurationName = Release;
		};
		DDC677FE1EDA76A100A4E19C /* Build configuration list for PBXNativeTarget "TranscriptIndexingService" */ = {
			isa = XCConfigurationList;
			buildConfigurations = (
				DDC677FF1EDA76A100A4E19C /* Debug */,
				DDC678001EDA76A100A4E19C /* Debug_iCloud */,
				DDC678011EDA76A100A4E19C /* Release */,
				DDC678021EDA76A100A4E19C /* Release_iCloud */,
			);
			defaultConfigurationIsVisible = 0;
			defaultConfigurationName = Release;
		};
		DDF7219F1ECA12780054C503 /* Build configuration list for PBXNativeTarget "PlayerUI" */ = {
			isa = XCConfigurationList;
			buildConfigurations = (
				DDF721A01ECA12780054C503 /* Debug */,
				DDF721A11ECA12780054C503 /* Debug_iCloud */,
				DDF721A21ECA12780054C503 /* Release */,
				DDF721A31ECA12780054C503 /* Release_iCloud */,
			);
			defaultConfigurationIsVisible = 0;
			defaultConfigurationName = Release;
		};
/* End XCConfigurationList section */

/* Begin XCRemoteSwiftPackageReference section */
		916228EC2E561B5700232DE6 /* XCRemoteSwiftPackageReference "swift-concurrency-extras" */ = {
			isa = XCRemoteSwiftPackageReference;
			repositoryURL = "https://github.com/pointfreeco/swift-concurrency-extras.git";
			requirement = {
				kind = upToNextMajorVersion;
				minimumVersion = 1.3.1;
			};
		};
		916C66E82E55088000D0CAF1 /* XCRemoteSwiftPackageReference "swift-algorithms" */ = {
			isa = XCRemoteSwiftPackageReference;
			repositoryURL = "https://github.com/apple/swift-algorithms.git";
			requirement = {
				kind = upToNextMajorVersion;
				minimumVersion = 1.2.1;
			};
		};
		91973A9A2E538BE200C4A644 /* XCRemoteSwiftPackageReference "realm-swift" */ = {
			isa = XCRemoteSwiftPackageReference;
			repositoryURL = "https://github.com/insidegui/realm-swift.git";
			requirement = {
				kind = exactVersion;
				version = 20.0.3;
			};
		};
		91C2A0BA2A4DE9B60049B6B7 /* XCRemoteSwiftPackageReference "swift-collections" */ = {
			isa = XCRemoteSwiftPackageReference;
			repositoryURL = "https://github.com/apple/swift-collections.git";
			requirement = {
				kind = upToNextMajorVersion;
				minimumVersion = 1.0.0;
			};
		};
		DDB1A2682577E7E900995FF1 /* XCRemoteSwiftPackageReference "Sparkle" */ = {
			isa = XCRemoteSwiftPackageReference;
			repositoryURL = "https://github.com/sparkle-project/Sparkle";
			requirement = {
				branch = master;
				kind = branch;
			};
		};
/* End XCRemoteSwiftPackageReference section */

/* Begin XCSwiftPackageProductDependency section */
		916228ED2E561B5700232DE6 /* ConcurrencyExtras */ = {
			isa = XCSwiftPackageProductDependency;
			package = 916228EC2E561B5700232DE6 /* XCRemoteSwiftPackageReference "swift-concurrency-extras" */;
			productName = ConcurrencyExtras;
		};
		916C66E92E55088000D0CAF1 /* Algorithms */ = {
			isa = XCSwiftPackageProductDependency;
			package = 916C66E82E55088000D0CAF1 /* XCRemoteSwiftPackageReference "swift-algorithms" */;
			productName = Algorithms;
		};
		91973A9B2E538BE200C4A644 /* RealmSwift */ = {
			isa = XCSwiftPackageProductDependency;
			package = 91973A9A2E538BE200C4A644 /* XCRemoteSwiftPackageReference "realm-swift" */;
			productName = RealmSwift;
		};
		91C2A0BB2A4DE9B60049B6B7 /* OrderedCollections */ = {
			isa = XCSwiftPackageProductDependency;
			package = 91C2A0BA2A4DE9B60049B6B7 /* XCRemoteSwiftPackageReference "swift-collections" */;
			productName = OrderedCollections;
		};
		DDB1A2622577E67A00995FF1 /* ConfCore */ = {
			isa = XCSwiftPackageProductDependency;
			productName = ConfCore;
		};
		DDB1A2692577E7E900995FF1 /* Sparkle */ = {
			isa = XCSwiftPackageProductDependency;
			package = DDB1A2682577E7E900995FF1 /* XCRemoteSwiftPackageReference "Sparkle" */;
			productName = Sparkle;
		};
		DDB1A2952577EF1500995FF1 /* ConfCore */ = {
			isa = XCSwiftPackageProductDependency;
			productName = ConfCore;
		};
		DDB1A2972577EF1A00995FF1 /* ConfCore */ = {
			isa = XCSwiftPackageProductDependency;
			productName = ConfCore;
		};
/* End XCSwiftPackageProductDependency section */
	};
	rootObject = DD36A4A41E478C6900B2EA88 /* Project object */;
}
