<?xml version="1.0" encoding="UTF-8"?>
<Scheme
   LastUpgradeVersion = "0830"
   version = "1.3">
   <BuildAction
      parallelizeBuildables = "YES"
      buildImplicitDependencies = "YES">
      <BuildActionEntries>
         <BuildActionEntry
            buildForTesting = "YES"
            buildForRunning = "YES"
            buildForProfiling = "YES"
            buildForArchiving = "YES"
            buildForAnalyzing = "YES">
            <BuildableReference
               BuildableIdentifier = "primary"
               BlueprintIdentifier = "DD36A4AB1E478C6900B2EA88"
               BuildableName = "WWDC.app"
               BlueprintName = "WWDC"
               ReferencedContainer = "container:WWDC.xcodeproj">
            </BuildableReference>
         </BuildActionEntry>
      </BuildActionEntries>
   </BuildAction>
   <TestAction
      buildConfiguration = "Debug with iCloud"
      selectedDebuggerIdentifier = "Xcode.DebuggerFoundation.Debugger.LLDB"
      selectedLauncherIdentifier = "Xcode.DebuggerFoundation.Launcher.LLDB"
      shouldUseLaunchSchemeArgsEnv = "YES">
      <Testables>
         <TestableReference
            skipped = "NO">
            <BuildableReference
               BuildableIdentifier = "primary"
               BlueprintIdentifier = "DD36A4CF1E478D7E00B2EA88"
               BuildableName = "ConfCoreTests.xctest"
               BlueprintName = "ConfCoreTests"
               ReferencedContainer = "container:WWDC.xcodeproj">
            </BuildableReference>
         </TestableReference>
      </Testables>
      <MacroExpansion>
         <BuildableReference
            BuildableIdentifier = "primary"
            BlueprintIdentifier = "DD36A4AB1E478C6900B2EA88"
            BuildableName = "WWDC.app"
            BlueprintName = "WWDC"
            ReferencedContainer = "container:WWDC.xcodeproj">
         </BuildableReference>
      </MacroExpansion>
      <AdditionalOptions>
      </AdditionalOptions>
   </TestAction>
   <LaunchAction
      buildConfiguration = "Debug with iCloud"
      selectedDebuggerIdentifier = "Xcode.DebuggerFoundation.Debugger.LLDB"
      selectedLauncherIdentifier = "Xcode.DebuggerFoundation.Launcher.LLDB"
      launchStyle = "0"
      useCustomWorkingDirectory = "NO"
      ignoresPersistentStateOnLaunch = "NO"
      debugDocumentVersioning = "YES"
      debugServiceExtension = "internal"
      allowLocationSimulation = "YES">
      <BuildableProductRunnable
         runnableDebuggingMode = "0">
         <BuildableReference
            BuildableIdentifier = "primary"
            BlueprintIdentifier = "DD36A4AB1E478C6900B2EA88"
            BuildableName = "WWDC.app"
            BlueprintName = "WWDC"
            ReferencedContainer = "container:WWDC.xcodeproj">
         </BuildableReference>
      </BuildableProductRunnable>
      <CommandLineArguments>
         <CommandLineArgument
            argument = "--test"
            isEnabled = "NO">
         </CommandLineArgument>
         <CommandLineArgument
            argument = "--disable-transcripts"
            isEnabled = "NO">
         </CommandLineArgument>
         <CommandLineArgument
            argument = "--prefs"
            isEnabled = "YES">
         </CommandLineArgument>
         <CommandLineArgument
            argument = "--no-remote"
            isEnabled = "NO">
         </CommandLineArgument>
         <CommandLineArgument
            argument = "--force-migration"
            isEnabled = "NO">
         </CommandLineArgument>
         <CommandLineArgument
            argument = "--use-test-video"
            isEnabled = "NO">
         </CommandLineArgument>
         <CommandLineArgument
            argument = "--skip-migration"
            isEnabled = "NO">
         </CommandLineArgument>
         <CommandLineArgument
            argument = "--delorean"
            isEnabled = "NO">
         </CommandLineArgument>
         <CommandLineArgument
            argument = "2017-06-06T09:20:00-07:00"
            isEnabled = "NO">
         </CommandLineArgument>
      </CommandLineArguments>
      <AdditionalOptions>
      </AdditionalOptions>
   </LaunchAction>
   <ProfileAction
      buildConfiguration = "Release with iCloud"
      shouldUseLaunchSchemeArgsEnv = "YES"
      savedToolIdentifier = ""
      useCustomWorkingDirectory = "NO"
      debugDocumentVersioning = "YES">
      <BuildableProductRunnable
         runnableDebuggingMode = "0">
         <BuildableReference
            BuildableIdentifier = "primary"
            BlueprintIdentifier = "DD36A4AB1E478C6900B2EA88"
            BuildableName = "WWDC.app"
            BlueprintName = "WWDC"
            ReferencedContainer = "container:WWDC.xcodeproj">
         </BuildableReference>
      </BuildableProductRunnable>
   </ProfileAction>
   <AnalyzeAction
      buildConfiguration = "Debug with iCloud">
   </AnalyzeAction>
   <ArchiveAction
      buildConfiguration = "Release with iCloud"
      revealArchiveInOrganizer = "YES">
   </ArchiveAction>
</Scheme>
